
Microsoft Visual Studio Solution File, Format Version 12.00
# Visual Studio 14
VisualStudioVersion = 14.0.25420.1
MinimumVisualStudioVersion = 10.0.40219.1
Project("{8BC9CEB8-8B4A-11D0-8D11-00A0C91BC942}") = "core", "src\core\core.vcxproj", "{DD5018BE-54C6-4FD4-9F8D-08D52FC0CD40}"
EndProject
Project("{8BC9CEB8-8B4A-11D0-8D11-00A0C91BC942}") = "mbedTLS", "third_party\mbedtls\mbedtls.vcxproj", "{4111C8BB-D354-4348-AD3C-EB6832E84831}"
EndProject
Project("{8BC9CEB8-8B4A-11D0-8D11-00A0C91BC942}") = "platform-windows", "examples\platforms\windows\platform-windows.vcxproj", "{30723C38-BA3B-44C9-8D64-C5861A26934F}"
EndProject
Project("{8BC9CEB8-8B4A-11D0-8D11-00A0C91BC942}") = "cli_app", "examples\apps\cli\cli_app.vcxproj", "{91D3ADEA-F1FE-4433-95B6-F8F6A7CF7BAF}"
EndProject
Project("{2150E333-8FDC-42A3-9474-1A3956D46DE8}") = "src", "src", "{95BD0669-04C8-4EEB-B3CC-0535B03F4468}"
EndProject
Project("{2150E333-8FDC-42A3-9474-1A3956D46DE8}") = "examples", "examples", "{76EA541E-CAB1-4DB5-A39F-E3DB2A78CDDD}"
EndProject
Project("{2150E333-8FDC-42A3-9474-1A3956D46DE8}") = "third_party", "third_party", "{873E9D16-2A08-41FC-B301-79C95B3A8F98}"
EndProject
Project("{8BC9CEB8-8B4A-11D0-8D11-00A0C91BC942}") = "cli", "src\cli\cli.vcxproj", "{41B32069-632E-4578-855B-A36EBFA80B56}"
EndProject
Project("{2150E333-8FDC-42A3-9474-1A3956D46DE8}") = "drivers", "drivers", "{3223EA88-5499-47EF-97B4-B6515BC3D8C8}"
EndProject
Project("{8BC9CEB8-8B4A-11D0-8D11-00A0C91BC942}") = "otCoreK", "src\core\otCoreK.vcxproj", "{9B33C190-5D07-40BF-9536-68843DC5D7AF}"
EndProject
Project("{8BC9CEB8-8B4A-11D0-8D11-00A0C91BC942}") = "mbedTLSK", "third_party\mbedtls\mbedTLSK.vcxproj", "{69BE8E8C-CF1E-46D6-932B-DB435F47059B}"
EndProject
Project("{8BC9CEB8-8B4A-11D0-8D11-00A0C91BC942}") = "otLwf", "examples\drivers\windows\otLwf\otLwf.vcxproj", "{3F1F7F6C-2A33-4635-9880-08FC5BC4E435}"
EndProject
Project("{8BC9CEB8-8B4A-11D0-8D11-00A0C91BC942}") = "ncp_spi", "src\ncp\ncp_spi.vcxproj", "{B92F449E-0FD9-44FC-ACFA-6521A3240CA2}"
EndProject
Project("{8BC9CEB8-8B4A-11D0-8D11-00A0C91BC942}") = "ncp_uart", "src\ncp\ncp_uart.vcxproj", "{D94867D2-6DAE-47E2-962A-5E8E658134D1}"
EndProject
Global
	GlobalSection(SolutionConfigurationPlatforms) = preSolution
		Debug|Any CPU = Debug|Any CPU
		Debug|ARM = Debug|ARM
		Debug|ARM64 = Debug|ARM64
		Debug|x64 = Debug|x64
		Debug|x86 = Debug|x86
		Release|Any CPU = Release|Any CPU
		Release|ARM = Release|ARM
		Release|ARM64 = Release|ARM64
		Release|x64 = Release|x64
		Release|x86 = Release|x86
	EndGlobalSection
	GlobalSection(ProjectConfigurationPlatforms) = postSolution
		{DD5018BE-54C6-4FD4-9F8D-08D52FC0CD40}.Debug|Any CPU.ActiveCfg = Debug|Win32
		{DD5018BE-54C6-4FD4-9F8D-08D52FC0CD40}.Debug|ARM.ActiveCfg = Debug|Win32
		{DD5018BE-54C6-4FD4-9F8D-08D52FC0CD40}.Debug|ARM64.ActiveCfg = Debug|Win32
		{DD5018BE-54C6-4FD4-9F8D-08D52FC0CD40}.Debug|x64.ActiveCfg = Debug|x64
		{DD5018BE-54C6-4FD4-9F8D-08D52FC0CD40}.Debug|x64.Build.0 = Debug|x64
		{DD5018BE-54C6-4FD4-9F8D-08D52FC0CD40}.Debug|x86.ActiveCfg = Debug|Win32
		{DD5018BE-54C6-4FD4-9F8D-08D52FC0CD40}.Debug|x86.Build.0 = Debug|Win32
		{DD5018BE-54C6-4FD4-9F8D-08D52FC0CD40}.Release|Any CPU.ActiveCfg = Release|Win32
		{DD5018BE-54C6-4FD4-9F8D-08D52FC0CD40}.Release|ARM.ActiveCfg = Release|Win32
		{DD5018BE-54C6-4FD4-9F8D-08D52FC0CD40}.Release|ARM64.ActiveCfg = Release|Win32
		{DD5018BE-54C6-4FD4-9F8D-08D52FC0CD40}.Release|x64.ActiveCfg = Release|x64
		{DD5018BE-54C6-4FD4-9F8D-08D52FC0CD40}.Release|x64.Build.0 = Release|x64
		{DD5018BE-54C6-4FD4-9F8D-08D52FC0CD40}.Release|x86.ActiveCfg = Release|Win32
		{DD5018BE-54C6-4FD4-9F8D-08D52FC0CD40}.Release|x86.Build.0 = Release|Win32
		{4111C8BB-D354-4348-AD3C-EB6832E84831}.Debug|Any CPU.ActiveCfg = Debug|Win32
		{4111C8BB-D354-4348-AD3C-EB6832E84831}.Debug|ARM.ActiveCfg = Debug|Win32
		{4111C8BB-D354-4348-AD3C-EB6832E84831}.Debug|ARM64.ActiveCfg = Debug|Win32
		{4111C8BB-D354-4348-AD3C-EB6832E84831}.Debug|x64.ActiveCfg = Debug|x64
		{4111C8BB-D354-4348-AD3C-EB6832E84831}.Debug|x64.Build.0 = Debug|x64
		{4111C8BB-D354-4348-AD3C-EB6832E84831}.Debug|x86.ActiveCfg = Debug|Win32
		{4111C8BB-D354-4348-AD3C-EB6832E84831}.Debug|x86.Build.0 = Debug|Win32
		{4111C8BB-D354-4348-AD3C-EB6832E84831}.Release|Any CPU.ActiveCfg = Release|Win32
		{4111C8BB-D354-4348-AD3C-EB6832E84831}.Release|ARM.ActiveCfg = Release|Win32
		{4111C8BB-D354-4348-AD3C-EB6832E84831}.Release|ARM64.ActiveCfg = Release|Win32
		{4111C8BB-D354-4348-AD3C-EB6832E84831}.Release|x64.ActiveCfg = Release|x64
		{4111C8BB-D354-4348-AD3C-EB6832E84831}.Release|x64.Build.0 = Release|x64
		{4111C8BB-D354-4348-AD3C-EB6832E84831}.Release|x86.ActiveCfg = Release|Win32
		{4111C8BB-D354-4348-AD3C-EB6832E84831}.Release|x86.Build.0 = Release|Win32
		{30723C38-BA3B-44C9-8D64-C5861A26934F}.Debug|Any CPU.ActiveCfg = Debug|Win32
		{30723C38-BA3B-44C9-8D64-C5861A26934F}.Debug|ARM.ActiveCfg = Debug|Win32
		{30723C38-BA3B-44C9-8D64-C5861A26934F}.Debug|ARM64.ActiveCfg = Debug|Win32
		{30723C38-BA3B-44C9-8D64-C5861A26934F}.Debug|x64.ActiveCfg = Debug|x64
		{30723C38-BA3B-44C9-8D64-C5861A26934F}.Debug|x64.Build.0 = Debug|x64
		{30723C38-BA3B-44C9-8D64-C5861A26934F}.Debug|x86.ActiveCfg = Debug|Win32
		{30723C38-BA3B-44C9-8D64-C5861A26934F}.Debug|x86.Build.0 = Debug|Win32
		{30723C38-BA3B-44C9-8D64-C5861A26934F}.Release|Any CPU.ActiveCfg = Release|Win32
		{30723C38-BA3B-44C9-8D64-C5861A26934F}.Release|ARM.ActiveCfg = Release|Win32
		{30723C38-BA3B-44C9-8D64-C5861A26934F}.Release|ARM64.ActiveCfg = Release|Win32
		{30723C38-BA3B-44C9-8D64-C5861A26934F}.Release|x64.ActiveCfg = Release|x64
		{30723C38-BA3B-44C9-8D64-C5861A26934F}.Release|x64.Build.0 = Release|x64
		{30723C38-BA3B-44C9-8D64-C5861A26934F}.Release|x86.ActiveCfg = Release|Win32
		{30723C38-BA3B-44C9-8D64-C5861A26934F}.Release|x86.Build.0 = Release|Win32
		{91D3ADEA-F1FE-4433-95B6-F8F6A7CF7BAF}.Debug|Any CPU.ActiveCfg = Debug|Win32
		{91D3ADEA-F1FE-4433-95B6-F8F6A7CF7BAF}.Debug|ARM.ActiveCfg = Debug|Win32
		{91D3ADEA-F1FE-4433-95B6-F8F6A7CF7BAF}.Debug|ARM64.ActiveCfg = Debug|Win32
		{91D3ADEA-F1FE-4433-95B6-F8F6A7CF7BAF}.Debug|x64.ActiveCfg = Debug|x64
		{91D3ADEA-F1FE-4433-95B6-F8F6A7CF7BAF}.Debug|x64.Build.0 = Debug|x64
		{91D3ADEA-F1FE-4433-95B6-F8F6A7CF7BAF}.Debug|x86.ActiveCfg = Debug|Win32
		{91D3ADEA-F1FE-4433-95B6-F8F6A7CF7BAF}.Debug|x86.Build.0 = Debug|Win32
		{91D3ADEA-F1FE-4433-95B6-F8F6A7CF7BAF}.Release|Any CPU.ActiveCfg = Release|Win32
		{91D3ADEA-F1FE-4433-95B6-F8F6A7CF7BAF}.Release|ARM.ActiveCfg = Release|Win32
		{91D3ADEA-F1FE-4433-95B6-F8F6A7CF7BAF}.Release|ARM64.ActiveCfg = Release|Win32
		{91D3ADEA-F1FE-4433-95B6-F8F6A7CF7BAF}.Release|x64.ActiveCfg = Release|x64
		{91D3ADEA-F1FE-4433-95B6-F8F6A7CF7BAF}.Release|x64.Build.0 = Release|x64
		{91D3ADEA-F1FE-4433-95B6-F8F6A7CF7BAF}.Release|x86.ActiveCfg = Release|Win32
		{91D3ADEA-F1FE-4433-95B6-F8F6A7CF7BAF}.Release|x86.Build.0 = Release|Win32
		{41B32069-632E-4578-855B-A36EBFA80B56}.Debug|Any CPU.ActiveCfg = Debug|Win32
		{41B32069-632E-4578-855B-A36EBFA80B56}.Debug|ARM.ActiveCfg = Debug|Win32
		{41B32069-632E-4578-855B-A36EBFA80B56}.Debug|ARM64.ActiveCfg = Debug|Win32
		{41B32069-632E-4578-855B-A36EBFA80B56}.Debug|x64.ActiveCfg = Debug|x64
		{41B32069-632E-4578-855B-A36EBFA80B56}.Debug|x64.Build.0 = Debug|x64
		{41B32069-632E-4578-855B-A36EBFA80B56}.Debug|x86.ActiveCfg = Debug|Win32
		{41B32069-632E-4578-855B-A36EBFA80B56}.Debug|x86.Build.0 = Debug|Win32
		{41B32069-632E-4578-855B-A36EBFA80B56}.Release|Any CPU.ActiveCfg = Release|Win32
		{41B32069-632E-4578-855B-A36EBFA80B56}.Release|ARM.ActiveCfg = Release|Win32
		{41B32069-632E-4578-855B-A36EBFA80B56}.Release|ARM64.ActiveCfg = Release|Win32
		{41B32069-632E-4578-855B-A36EBFA80B56}.Release|x64.ActiveCfg = Release|x64
		{41B32069-632E-4578-855B-A36EBFA80B56}.Release|x64.Build.0 = Release|x64
		{41B32069-632E-4578-855B-A36EBFA80B56}.Release|x86.ActiveCfg = Release|Win32
		{41B32069-632E-4578-855B-A36EBFA80B56}.Release|x86.Build.0 = Release|Win32
		{9B33C190-5D07-40BF-9536-68843DC5D7AF}.Debug|Any CPU.ActiveCfg = Debug|Win32
		{9B33C190-5D07-40BF-9536-68843DC5D7AF}.Debug|ARM.ActiveCfg = Debug|ARM
		{9B33C190-5D07-40BF-9536-68843DC5D7AF}.Debug|ARM.Build.0 = Debug|ARM
		{9B33C190-5D07-40BF-9536-68843DC5D7AF}.Debug|ARM.Deploy.0 = Debug|ARM
		{9B33C190-5D07-40BF-9536-68843DC5D7AF}.Debug|ARM64.ActiveCfg = Debug|ARM64
		{9B33C190-5D07-40BF-9536-68843DC5D7AF}.Debug|ARM64.Build.0 = Debug|ARM64
		{9B33C190-5D07-40BF-9536-68843DC5D7AF}.Debug|ARM64.Deploy.0 = Debug|ARM64
		{9B33C190-5D07-40BF-9536-68843DC5D7AF}.Debug|x64.ActiveCfg = Debug|x64
		{9B33C190-5D07-40BF-9536-68843DC5D7AF}.Debug|x64.Build.0 = Debug|x64
		{9B33C190-5D07-40BF-9536-68843DC5D7AF}.Debug|x86.ActiveCfg = Debug|Win32
		{9B33C190-5D07-40BF-9536-68843DC5D7AF}.Debug|x86.Build.0 = Debug|Win32
		{9B33C190-5D07-40BF-9536-68843DC5D7AF}.Debug|x86.Deploy.0 = Debug|Win32
		{9B33C190-5D07-40BF-9536-68843DC5D7AF}.Release|Any CPU.ActiveCfg = Release|Win32
		{9B33C190-5D07-40BF-9536-68843DC5D7AF}.Release|ARM.ActiveCfg = Release|ARM
		{9B33C190-5D07-40BF-9536-68843DC5D7AF}.Release|ARM.Build.0 = Release|ARM
		{9B33C190-5D07-40BF-9536-68843DC5D7AF}.Release|ARM.Deploy.0 = Release|ARM
		{9B33C190-5D07-40BF-9536-68843DC5D7AF}.Release|ARM64.ActiveCfg = Release|ARM64
		{9B33C190-5D07-40BF-9536-68843DC5D7AF}.Release|ARM64.Build.0 = Release|ARM64
		{9B33C190-5D07-40BF-9536-68843DC5D7AF}.Release|ARM64.Deploy.0 = Release|ARM64
		{9B33C190-5D07-40BF-9536-68843DC5D7AF}.Release|x64.ActiveCfg = Release|x64
		{9B33C190-5D07-40BF-9536-68843DC5D7AF}.Release|x64.Build.0 = Release|x64
		{9B33C190-5D07-40BF-9536-68843DC5D7AF}.Release|x86.ActiveCfg = Release|Win32
		{9B33C190-5D07-40BF-9536-68843DC5D7AF}.Release|x86.Build.0 = Release|Win32
		{9B33C190-5D07-40BF-9536-68843DC5D7AF}.Release|x86.Deploy.0 = Release|Win32
		{69BE8E8C-CF1E-46D6-932B-DB435F47059B}.Debug|Any CPU.ActiveCfg = Debug|Win32
		{69BE8E8C-CF1E-46D6-932B-DB435F47059B}.Debug|ARM.ActiveCfg = Debug|ARM
		{69BE8E8C-CF1E-46D6-932B-DB435F47059B}.Debug|ARM.Build.0 = Debug|ARM
		{69BE8E8C-CF1E-46D6-932B-DB435F47059B}.Debug|ARM.Deploy.0 = Debug|ARM
		{69BE8E8C-CF1E-46D6-932B-DB435F47059B}.Debug|ARM64.ActiveCfg = Debug|ARM64
		{69BE8E8C-CF1E-46D6-932B-DB435F47059B}.Debug|ARM64.Build.0 = Debug|ARM64
		{69BE8E8C-CF1E-46D6-932B-DB435F47059B}.Debug|ARM64.Deploy.0 = Debug|ARM64
		{69BE8E8C-CF1E-46D6-932B-DB435F47059B}.Debug|x64.ActiveCfg = Debug|x64
		{69BE8E8C-CF1E-46D6-932B-DB435F47059B}.Debug|x64.Build.0 = Debug|x64
		{69BE8E8C-CF1E-46D6-932B-DB435F47059B}.Debug|x86.ActiveCfg = Debug|Win32
		{69BE8E8C-CF1E-46D6-932B-DB435F47059B}.Debug|x86.Build.0 = Debug|Win32
		{69BE8E8C-CF1E-46D6-932B-DB435F47059B}.Debug|x86.Deploy.0 = Debug|Win32
		{69BE8E8C-CF1E-46D6-932B-DB435F47059B}.Release|Any CPU.ActiveCfg = Release|Win32
		{69BE8E8C-CF1E-46D6-932B-DB435F47059B}.Release|ARM.ActiveCfg = Release|ARM
		{69BE8E8C-CF1E-46D6-932B-DB435F47059B}.Release|ARM.Build.0 = Release|ARM
		{69BE8E8C-CF1E-46D6-932B-DB435F47059B}.Release|ARM.Deploy.0 = Release|ARM
		{69BE8E8C-CF1E-46D6-932B-DB435F47059B}.Release|ARM64.ActiveCfg = Release|ARM64
		{69BE8E8C-CF1E-46D6-932B-DB435F47059B}.Release|ARM64.Build.0 = Release|ARM64
		{69BE8E8C-CF1E-46D6-932B-DB435F47059B}.Release|ARM64.Deploy.0 = Release|ARM64
		{69BE8E8C-CF1E-46D6-932B-DB435F47059B}.Release|x64.ActiveCfg = Release|x64
		{69BE8E8C-CF1E-46D6-932B-DB435F47059B}.Release|x64.Build.0 = Release|x64
		{69BE8E8C-CF1E-46D6-932B-DB435F47059B}.Release|x86.ActiveCfg = Release|Win32
		{69BE8E8C-CF1E-46D6-932B-DB435F47059B}.Release|x86.Build.0 = Release|Win32
		{69BE8E8C-CF1E-46D6-932B-DB435F47059B}.Release|x86.Deploy.0 = Release|Win32
		{3F1F7F6C-2A33-4635-9880-08FC5BC4E435}.Debug|Any CPU.ActiveCfg = Debug|Win32
		{3F1F7F6C-2A33-4635-9880-08FC5BC4E435}.Debug|ARM.ActiveCfg = Debug|ARM
		{3F1F7F6C-2A33-4635-9880-08FC5BC4E435}.Debug|ARM.Build.0 = Debug|ARM
		{3F1F7F6C-2A33-4635-9880-08FC5BC4E435}.Debug|ARM.Deploy.0 = Debug|ARM
		{3F1F7F6C-2A33-4635-9880-08FC5BC4E435}.Debug|ARM64.ActiveCfg = Debug|ARM64
		{3F1F7F6C-2A33-4635-9880-08FC5BC4E435}.Debug|ARM64.Build.0 = Debug|ARM64
		{3F1F7F6C-2A33-4635-9880-08FC5BC4E435}.Debug|ARM64.Deploy.0 = Debug|ARM64
		{3F1F7F6C-2A33-4635-9880-08FC5BC4E435}.Debug|x64.ActiveCfg = Debug|x64
		{3F1F7F6C-2A33-4635-9880-08FC5BC4E435}.Debug|x64.Build.0 = Debug|x64
		{3F1F7F6C-2A33-4635-9880-08FC5BC4E435}.Debug|x64.Deploy.0 = Debug|x64
		{3F1F7F6C-2A33-4635-9880-08FC5BC4E435}.Debug|x86.ActiveCfg = Debug|Win32
		{3F1F7F6C-2A33-4635-9880-08FC5BC4E435}.Debug|x86.Build.0 = Debug|Win32
		{3F1F7F6C-2A33-4635-9880-08FC5BC4E435}.Debug|x86.Deploy.0 = Debug|Win32
		{3F1F7F6C-2A33-4635-9880-08FC5BC4E435}.Release|Any CPU.ActiveCfg = Release|Win32
		{3F1F7F6C-2A33-4635-9880-08FC5BC4E435}.Release|ARM.ActiveCfg = Release|ARM
		{3F1F7F6C-2A33-4635-9880-08FC5BC4E435}.Release|ARM.Build.0 = Release|ARM
		{3F1F7F6C-2A33-4635-9880-08FC5BC4E435}.Release|ARM.Deploy.0 = Release|ARM
		{3F1F7F6C-2A33-4635-9880-08FC5BC4E435}.Release|ARM64.ActiveCfg = Release|ARM64
		{3F1F7F6C-2A33-4635-9880-08FC5BC4E435}.Release|ARM64.Build.0 = Release|ARM64
		{3F1F7F6C-2A33-4635-9880-08FC5BC4E435}.Release|ARM64.Deploy.0 = Release|ARM64
		{3F1F7F6C-2A33-4635-9880-08FC5BC4E435}.Release|x64.ActiveCfg = Release|x64
		{3F1F7F6C-2A33-4635-9880-08FC5BC4E435}.Release|x64.Build.0 = Release|x64
		{3F1F7F6C-2A33-4635-9880-08FC5BC4E435}.Release|x64.Deploy.0 = Release|x64
		{3F1F7F6C-2A33-4635-9880-08FC5BC4E435}.Release|x86.ActiveCfg = Release|Win32
		{3F1F7F6C-2A33-4635-9880-08FC5BC4E435}.Release|x86.Build.0 = Release|Win32
		{3F1F7F6C-2A33-4635-9880-08FC5BC4E435}.Release|x86.Deploy.0 = Release|Win32
		{B92F449E-0FD9-44FC-ACFA-6521A3240CA2}.Debug|Any CPU.ActiveCfg = Debug|Win32
		{B92F449E-0FD9-44FC-ACFA-6521A3240CA2}.Debug|ARM.ActiveCfg = Debug|Win32
		{B92F449E-0FD9-44FC-ACFA-6521A3240CA2}.Debug|ARM64.ActiveCfg = Debug|Win32
		{B92F449E-0FD9-44FC-ACFA-6521A3240CA2}.Debug|x64.ActiveCfg = Debug|x64
		{B92F449E-0FD9-44FC-ACFA-6521A3240CA2}.Debug|x64.Build.0 = Debug|x64
		{B92F449E-0FD9-44FC-ACFA-6521A3240CA2}.Debug|x86.ActiveCfg = Debug|Win32
		{B92F449E-0FD9-44FC-ACFA-6521A3240CA2}.Debug|x86.Build.0 = Debug|Win32
		{B92F449E-0FD9-44FC-ACFA-6521A3240CA2}.Release|Any CPU.ActiveCfg = Release|Win32
		{B92F449E-0FD9-44FC-ACFA-6521A3240CA2}.Release|ARM.ActiveCfg = Release|Win32
		{B92F449E-0FD9-44FC-ACFA-6521A3240CA2}.Release|ARM64.ActiveCfg = Release|Win32
		{B92F449E-0FD9-44FC-ACFA-6521A3240CA2}.Release|x64.ActiveCfg = Release|x64
		{B92F449E-0FD9-44FC-ACFA-6521A3240CA2}.Release|x64.Build.0 = Release|x64
		{B92F449E-0FD9-44FC-ACFA-6521A3240CA2}.Release|x86.ActiveCfg = Release|Win32
		{B92F449E-0FD9-44FC-ACFA-6521A3240CA2}.Release|x86.Build.0 = Release|Win32
		{D94867D2-6DAE-47E2-962A-5E8E658134D1}.Debug|Any CPU.ActiveCfg = Debug|Win32
		{D94867D2-6DAE-47E2-962A-5E8E658134D1}.Debug|ARM.ActiveCfg = Debug|Win32
		{D94867D2-6DAE-47E2-962A-5E8E658134D1}.Debug|ARM64.ActiveCfg = Debug|Win32
		{D94867D2-6DAE-47E2-962A-5E8E658134D1}.Debug|x64.ActiveCfg = Debug|x64
		{D94867D2-6DAE-47E2-962A-5E8E658134D1}.Debug|x64.Build.0 = Debug|x64
		{D94867D2-6DAE-47E2-962A-5E8E658134D1}.Debug|x86.ActiveCfg = Debug|Win32
		{D94867D2-6DAE-47E2-962A-5E8E658134D1}.Debug|x86.Build.0 = Debug|Win32
		{D94867D2-6DAE-47E2-962A-5E8E658134D1}.Release|Any CPU.ActiveCfg = Release|Win32
		{D94867D2-6DAE-47E2-962A-5E8E658134D1}.Release|ARM.ActiveCfg = Release|Win32
		{D94867D2-6DAE-47E2-962A-5E8E658134D1}.Release|ARM64.ActiveCfg = Release|Win32
		{D94867D2-6DAE-47E2-962A-5E8E658134D1}.Release|x64.ActiveCfg = Release|x64
		{D94867D2-6DAE-47E2-962A-5E8E658134D1}.Release|x64.Build.0 = Release|x64
		{D94867D2-6DAE-47E2-962A-5E8E658134D1}.Release|x86.ActiveCfg = Release|Win32
		{D94867D2-6DAE-47E2-962A-5E8E658134D1}.Release|x86.Build.0 = Release|Win32
	EndGlobalSection
	GlobalSection(SolutionProperties) = preSolution
		HideSolutionNode = FALSE
	EndGlobalSection
	GlobalSection(NestedProjects) = preSolution
		{DD5018BE-54C6-4FD4-9F8D-08D52FC0CD40} = {95BD0669-04C8-4EEB-B3CC-0535B03F4468}
		{4111C8BB-D354-4348-AD3C-EB6832E84831} = {873E9D16-2A08-41FC-B301-79C95B3A8F98}
		{30723C38-BA3B-44C9-8D64-C5861A26934F} = {76EA541E-CAB1-4DB5-A39F-E3DB2A78CDDD}
		{91D3ADEA-F1FE-4433-95B6-F8F6A7CF7BAF} = {76EA541E-CAB1-4DB5-A39F-E3DB2A78CDDD}
		{41B32069-632E-4578-855B-A36EBFA80B56} = {95BD0669-04C8-4EEB-B3CC-0535B03F4468}
		{9B33C190-5D07-40BF-9536-68843DC5D7AF} = {95BD0669-04C8-4EEB-B3CC-0535B03F4468}
		{69BE8E8C-CF1E-46D6-932B-DB435F47059B} = {873E9D16-2A08-41FC-B301-79C95B3A8F98}
		{3F1F7F6C-2A33-4635-9880-08FC5BC4E435} = {3223EA88-5499-47EF-97B4-B6515BC3D8C8}
		{B92F449E-0FD9-44FC-ACFA-6521A3240CA2} = {95BD0669-04C8-4EEB-B3CC-0535B03F4468}
		{D94867D2-6DAE-47E2-962A-5E8E658134D1} = {95BD0669-04C8-4EEB-B3CC-0535B03F4468}
	EndGlobalSection
EndGlobal
