<?xml version="1.0" encoding="utf-8"?>
<Project ToolsVersion="4.0" xmlns="http://schemas.microsoft.com/developer/msbuild/2003">
  <ItemGroup>
    <Filter Include="Source Files">
      <UniqueIdentifier>{4FC737F1-C7A5-4376-A066-2A32D752A2FF}</UniqueIdentifier>
      <Extensions>cpp;c;cc;cxx;def;odl;idl;hpj;bat;asm;asmx</Extensions>
    </Filter>
    <Filter Include="Header Files">
      <UniqueIdentifier>{af2a0e04-134d-40b3-84d4-82c8c622f9ae}</UniqueIdentifier>
    </Filter>
  </ItemGroup>
  <ItemGroup>
    <ClCompile Include="..\..\examples\platforms\posix\alarm.c">
      <Filter>Source Files</Filter>
    </ClCompile>
    <ClCompile Include="..\..\examples\platforms\posix\flash-windows-stubs.c">
      <Filter>Source Files</Filter>
    </ClCompile>
    <ClCompile Include="..\..\examples\platforms\posix\logging.c">
      <Filter>Source Files</Filter>
    </ClCompile>
    <ClCompile Include="..\..\examples\platforms\posix\misc.c">
      <Filter>Source Files</Filter>
    </ClCompile>
    <ClCompile Include="..\..\examples\platforms\posix\random.c">
      <Filter>Source Files</Filter>
    </ClCompile>
    <ClCompile Include="..\..\examples\platforms\posix\radio.c">
      <Filter>Source Files</Filter>
    </ClCompile>
    <ClCompile Include="..\..\examples\platforms\posix\spi-stubs.c">
      <Filter>Source Files</Filter>
    </ClCompile>
    <ClCompile Include="..\..\examples\platforms\posix\system.c">
      <Filter>Source Files</Filter>
    </ClCompile>
    <ClCompile Include="..\..\examples\platforms\posix\uart-windows.c">
      <Filter>Source Files</Filter>
    </ClCompile>
    <ClCompile Include="..\..\examples\platforms\utils\settings_flash.c">
      <Filter>Source Files</Filter>
    </ClCompile>
  </ItemGroup>
  <ItemGroup>
    <ClInclude Include="..\..\examples\platforms\posix\platform-posix.h">
      <Filter>Header Files</Filter>
    </ClInclude>
    <ClInclude Include="..\..\examples\platforms\utils\flash.h">
      <Filter>Header Files</Filter>
    </ClInclude>
  </ItemGroup>
</Project>
