<?xml version="1.0" encoding="utf-8"?>
<Project ToolsVersion="4.0" xmlns="http://schemas.microsoft.com/developer/msbuild/2003">
  <ItemGroup>
    <Filter Include="Source Files">
      <UniqueIdentifier>{c09c2d1c-85fb-4081-8235-925b45ed3c4b}</UniqueIdentifier>
    </Filter>
    <Filter Include="Source Files\api">
      <UniqueIdentifier>{B78747A9-11C2-4784-B825-D48FD388FE2F}</UniqueIdentifier>
    </Filter>
    <Filter Include="Source Files\common">
      <UniqueIdentifier>{a59636b8-d046-46b7-992b-76572ca72bd1}</UniqueIdentifier>
    </Filter>
    <Filter Include="Source Files\coap">
      <UniqueIdentifier>{7c989f53-480b-42d4-a2dc-454adafda818}</UniqueIdentifier>
    </Filter>
    <Filter Include="Source Files\crypto">
      <UniqueIdentifier>{444ab8c6-6b83-4a5b-9059-67f469da1331}</UniqueIdentifier>
    </Filter>
    <Filter Include="Source Files\mac">
      <UniqueIdentifier>{a49a9cc3-6a37-48a6-8049-b10c9cecd193}</UniqueIdentifier>
    </Filter>
    <Filter Include="Source Files\meshcop">
      <UniqueIdentifier>{50a39acc-fab6-4e2a-85b7-d764be5299f5}</UniqueIdentifier>
    </Filter>
    <Filter Include="Source Files\net">
      <UniqueIdentifier>{9a61353a-8613-4496-9ee8-c3d2800c5ac6}</UniqueIdentifier>
    </Filter>
    <Filter Include="Source Files\thread">
      <UniqueIdentifier>{c14a7a3f-089f-47ee-80db-1caf1b47ab6b}</UniqueIdentifier>
    </Filter>
    <Filter Include="Source Files\utils">
      <UniqueIdentifier>{A0D2E990-DC5E-4B56-A552-888F97214A17}</UniqueIdentifier>
    </Filter>
    <Filter Include="Source Files\missing">
      <UniqueIdentifier>{F0DDA90-D13F-4B56-A552-328F97124A81}</UniqueIdentifier>
    </Filter>
    <Filter Include="Header Files">
      <UniqueIdentifier>{b4905c15-9702-4ff0-8d57-e7926337d50f}</UniqueIdentifier>
    </Filter>
    <Filter Include="Header Files\coap">
      <UniqueIdentifier>{c2f72132-0df1-4dba-b24f-0ab683874538}</UniqueIdentifier>
    </Filter>
    <Filter Include="Header Files\common">
      <UniqueIdentifier>{92f20ce7-8f87-4a1c-bc0b-d7fa3dfd3b60}</UniqueIdentifier>
    </Filter>
    <Filter Include="Header Files\crypto">
      <UniqueIdentifier>{c618ddc9-5c66-485f-a0ff-ebabb3508568}</UniqueIdentifier>
    </Filter>
    <Filter Include="Header Files\mac">
      <UniqueIdentifier>{90294598-e94b-4c07-a531-93335a8955d9}</UniqueIdentifier>
    </Filter>
    <Filter Include="Header Files\meshcop">
      <UniqueIdentifier>{8f54e8b3-d8fb-4fed-88ce-42b39f171d0b}</UniqueIdentifier>
    </Filter>
    <Filter Include="Header Files\net">
      <UniqueIdentifier>{0c76d116-0b4d-4fec-a0d8-5ca127913124}</UniqueIdentifier>
    </Filter>
    <Filter Include="Header Files\thread">
      <UniqueIdentifier>{702145f9-0e66-4e45-b3d4-d43f2cf17e10}</UniqueIdentifier>
    </Filter>
    <Filter Include="Header Files\utils">
      <UniqueIdentifier>{5ac96cb9-6257-4387-9238-27649915463a}</UniqueIdentifier>
    </Filter>
    <Filter Include="Header Files\api">
      <UniqueIdentifier>{63a27d20-b039-46b4-aff9-63ace2010b9b}</UniqueIdentifier>
    </Filter>
    <Filter Include="Header Files\openthread">
      <UniqueIdentifier>{2b66635d-fb09-421b-9942-8c43df5c8c77}</UniqueIdentifier>
    </Filter>
    <Filter Include="Header Files\missing">
      <UniqueIdentifier>{971969f2-f6ec-50b4-806a-97965c934cef}</UniqueIdentifier>
    </Filter>
  </ItemGroup>
  <ItemGroup>
    <ClCompile Include="..\..\src\core\api\commissioner_api.cpp">
      <Filter>Source Files\api</Filter>
    </ClCompile>
    <ClCompile Include="..\..\src\core\api\border_router_api.cpp">
      <Filter>Source Files\api</Filter>
    </ClCompile>
    <ClCompile Include="..\..\src\core\api\dataset_api.cpp">
      <Filter>Source Files\api</Filter>
    </ClCompile>
    <ClCompile Include="..\..\src\core\api\dataset_ftd_api.cpp">
      <Filter>Source Files\api</Filter>
    </ClCompile>
    <ClCompile Include="..\..\src\core\api\icmp6_api.cpp">
      <Filter>Source Files\api</Filter>
    </ClCompile>
    <ClCompile Include="..\..\src\core\api\ip6_api.cpp">
      <Filter>Source Files\api</Filter>
    </ClCompile>
    <ClCompile Include="..\..\src\core\api\instance_api.cpp">
      <Filter>Source Files\api</Filter>
    </ClCompile>
    <ClCompile Include="..\..\src\core\api\joiner_api.cpp">
      <Filter>Source Files\api</Filter>
    </ClCompile>
    <ClCompile Include="..\..\src\core\api\link_api.cpp">
      <Filter>Source Files\api</Filter>
    </ClCompile>
    <ClCompile Include="..\..\src\core\api\message_api.cpp">
      <Filter>Source Files\api</Filter>
    </ClCompile>
    <ClCompile Include="..\..\src\core\api\netdata_api.cpp">
      <Filter>Source Files\api</Filter>
    </ClCompile>
    <ClCompile Include="..\..\src\core\api\tasklet_api.cpp">
      <Filter>Source Files\api</Filter>
    </ClCompile>
    <ClCompile Include="..\..\src\core\api\thread_api.cpp">
      <Filter>Source Files\api</Filter>
    </ClCompile>
    <ClCompile Include="..\..\src\core\api\thread_ftd_api.cpp">
      <Filter>Source Files\api</Filter>
    </ClCompile>
    <ClCompile Include="..\..\src\core\api\udp_api.cpp">
      <Filter>Source Files\api</Filter>
    </ClCompile>
    <ClCompile Include="..\..\src\core\coap\coap.cpp">
      <Filter>Source Files\coap</Filter>
    </ClCompile>
    <ClCompile Include="..\..\src\core\coap\coap_message.cpp">
      <Filter>Source Files\coap</Filter>
    </ClCompile>
    <ClCompile Include="..\..\src\core\coap\coap_secure.cpp">
      <Filter>Source Files\coap</Filter>
    </ClCompile>
    <ClCompile Include="..\..\src\core\common\instance.cpp">
      <Filter>Source Files\common</Filter>
    </ClCompile>
    <ClCompile Include="..\..\src\core\common\locator.cpp">
      <Filter>Source Files\common</Filter>
    </ClCompile>
    <ClCompile Include="..\..\src\core\common\logging.cpp">
      <Filter>Source Files\common</Filter>
    </ClCompile>
    <ClCompile Include="..\..\src\core\common\message.cpp">
      <Filter>Source Files\common</Filter>
    </ClCompile>
    <ClCompile Include="..\..\src\core\common\notifier.cpp">
      <Filter>Source Files\common</Filter>
    </ClCompile>
    <ClCompile Include="..\..\src\core\common\settings.cpp">
      <Filter>Source Files\common</Filter>
    </ClCompile>
    <ClCompile Include="..\..\src\core\common\string.cpp">
      <Filter>Source Files\common</Filter>
    </ClCompile>
    <ClCompile Include="..\..\src\core\common\tasklet.cpp">
      <Filter>Source Files\common</Filter>
    </ClCompile>
    <ClCompile Include="..\..\src\core\common\timer.cpp">
      <Filter>Source Files\common</Filter>
    </ClCompile>
    <ClCompile Include="..\..\src\core\common\tlvs.cpp">
      <Filter>Source Files\common</Filter>
    </ClCompile>
    <ClCompile Include="..\..\src\core\common\trickle_timer.cpp">
      <Filter>Source Files\common</Filter>
    </ClCompile>
    <ClCompile Include="..\..\src\core\crypto\aes_ccm.cpp">
      <Filter>Source Files\crypto</Filter>
    </ClCompile>
    <ClCompile Include="..\..\src\core\mac\channel_mask.cpp">
      <Filter>Source Files\mac</Filter>
    </ClCompile>
    <ClCompile Include="..\..\src\core\mac\mac.cpp">
      <Filter>Source Files\mac</Filter>
    </ClCompile>
    <ClCompile Include="..\..\src\core\mac\mac_filter.cpp">
      <Filter>Source Files\mac</Filter>
    </ClCompile>
    <ClCompile Include="..\..\src\core\mac\mac_frame.cpp">
      <Filter>Source Files\mac</Filter>
    </ClCompile>
    <ClCompile Include="..\..\src\core\mac\sub_mac.cpp">
      <Filter>Source Files\mac</Filter>
    </ClCompile>
    <ClCompile Include="..\..\src\core\mac\sub_mac_callbacks.cpp">
      <Filter>Source Files\mac</Filter>
    </ClCompile>
    <ClCompile Include="..\..\src\core\net\dhcp6_client.cpp">
      <Filter>Source Files\net</Filter>
    </ClCompile>
    <ClCompile Include="..\..\src\core\net\dhcp6_server.cpp">
      <Filter>Source Files\net</Filter>
    </ClCompile>
    <ClCompile Include="..\..\src\core\net\icmp6.cpp">
      <Filter>Source Files\net</Filter>
    </ClCompile>
    <ClCompile Include="..\..\src\core\net\ip6.cpp">
      <Filter>Source Files\net</Filter>
    </ClCompile>
    <ClCompile Include="..\..\src\core\net\ip6_address.cpp">
      <Filter>Source Files\net</Filter>
    </ClCompile>
    <ClCompile Include="..\..\src\core\net\ip6_filter.cpp">
      <Filter>Source Files\net</Filter>
    </ClCompile>
    <ClCompile Include="..\..\src\core\net\ip6_headers.cpp">
      <Filter>Source Files\net</Filter>
    </ClCompile>
    <ClCompile Include="..\..\src\core\net\ip6_mpl.cpp">
      <Filter>Source Files\net</Filter>
    </ClCompile>
    <ClCompile Include="..\..\src\core\net\ip6_routes.cpp">
      <Filter>Source Files\net</Filter>
    </ClCompile>
    <ClCompile Include="..\..\src\core\net\netif.cpp">
      <Filter>Source Files\net</Filter>
    </ClCompile>
    <ClCompile Include="..\..\src\core\thread\address_resolver.cpp">
      <Filter>Source Files\thread</Filter>
    </ClCompile>
    <ClCompile Include="..\..\src\core\thread\child_table.cpp">
      <Filter>Source Files\thread</Filter>
    </ClCompile>
    <ClCompile Include="..\..\src\core\thread\data_poll_manager.cpp">
      <Filter>Source Files\thread</Filter>
    </ClCompile>
    <ClCompile Include="..\..\src\core\thread\energy_scan_server.cpp">
      <Filter>Source Files\thread</Filter>
    </ClCompile>
    <ClCompile Include="..\..\src\core\thread\key_manager.cpp">
      <Filter>Source Files\thread</Filter>
    </ClCompile>
    <ClCompile Include="..\..\src\core\thread\link_quality.cpp">
      <Filter>Source Files\thread</Filter>
    </ClCompile>
    <ClCompile Include="..\..\src\core\thread\lowpan.cpp">
      <Filter>Source Files\thread</Filter>
    </ClCompile>
    <ClCompile Include="..\..\src\core\thread\mesh_forwarder.cpp">
      <Filter>Source Files\thread</Filter>
    </ClCompile>
    <ClCompile Include="..\..\src\core\thread\mesh_forwarder_ftd.cpp">
      <Filter>Source Files\thread</Filter>
    </ClCompile>
    <ClCompile Include="..\..\src\core\thread\mesh_forwarder_mtd.cpp">
      <Filter>Source Files\thread</Filter>
    </ClCompile>
    <ClCompile Include="..\..\src\core\thread\mle.cpp">
      <Filter>Source Files\thread</Filter>
    </ClCompile>
    <ClCompile Include="..\..\src\core\thread\mle_router.cpp">
      <Filter>Source Files\thread</Filter>
    </ClCompile>
    <ClCompile Include="..\..\src\core\thread\network_data.cpp">
      <Filter>Source Files\thread</Filter>
    </ClCompile>
    <ClCompile Include="..\..\src\core\thread\network_data_leader.cpp">
      <Filter>Source Files\thread</Filter>
    </ClCompile>
    <ClCompile Include="..\..\src\core\thread\network_data_leader_ftd.cpp">
      <Filter>Source Files\thread</Filter>
    </ClCompile>
    <ClCompile Include="..\..\src\core\thread\network_data_local.cpp">
      <Filter>Source Files\thread</Filter>
    </ClCompile>
    <ClCompile Include="..\..\src\core\thread\network_diagnostic.cpp">
      <Filter>Source Files\thread</Filter>
    </ClCompile>
    <ClCompile Include="..\..\src\core\thread\panid_query_server.cpp">
      <Filter>Source Files\thread</Filter>
    </ClCompile>
    <ClCompile Include="..\..\src\core\thread\router_table.cpp">
      <Filter>Source Files\thread</Filter>
    </ClCompile>
    <ClCompile Include="..\..\src\core\thread\src_match_controller.cpp">
      <Filter>Source Files\thread</Filter>
    </ClCompile>
    <ClCompile Include="..\..\src\core\thread\thread_netif.cpp">
      <Filter>Source Files\thread</Filter>
    </ClCompile>
    <ClCompile Include="..\..\src\core\thread\topology.cpp">
      <Filter>Source Files\thread</Filter>
    </ClCompile>
    <ClCompile Include="..\..\src\core\net\udp6.cpp">
      <Filter>Source Files\net</Filter>
    </ClCompile>
    <ClCompile Include="..\..\src\core\meshcop\commissioner.cpp">
      <Filter>Source Files\meshcop</Filter>
    </ClCompile>
    <ClCompile Include="..\..\src\core\meshcop\dataset.cpp">
      <Filter>Source Files\thread</Filter>
    </ClCompile>
    <ClCompile Include="..\..\src\core\meshcop\dataset_local.cpp">
      <Filter>Source Files\thread</Filter>
    </ClCompile>
    <ClCompile Include="..\..\src\core\meshcop\dataset_manager.cpp">
      <Filter>Source Files\thread</Filter>
    </ClCompile>
    <ClCompile Include="..\..\src\core\meshcop\dataset_manager_ftd.cpp">
      <Filter>Source Files\thread</Filter>
    </ClCompile>
    <ClCompile Include="..\..\src\core\meshcop\dtls.cpp">
      <Filter>Source Files\meshcop</Filter>
    </ClCompile>
    <ClCompile Include="..\..\src\core\meshcop\energy_scan_client.cpp">
      <Filter>Source Files\meshcop</Filter>
    </ClCompile>
    <ClCompile Include="..\..\src\core\meshcop\joiner.cpp">
      <Filter>Source Files\meshcop</Filter>
    </ClCompile>
    <ClCompile Include="..\..\src\core\meshcop\joiner_router.cpp">
      <Filter>Source Files\meshcop</Filter>
    </ClCompile>
    <ClCompile Include="..\..\src\core\meshcop\leader.cpp">
      <Filter>Source Files\meshcop</Filter>
    </ClCompile>
    <ClCompile Include="..\..\src\core\meshcop\panid_query_client.cpp">
      <Filter>Source Files\meshcop</Filter>
    </ClCompile>
    <ClCompile Include="..\..\src\core\meshcop\timestamp.cpp">
      <Filter>Source Files\meshcop</Filter>
    </ClCompile>
    <ClCompile Include="..\..\src\core\meshcop\meshcop_tlvs.cpp">
      <Filter>Source Files\meshcop</Filter>
    </ClCompile>
    <ClCompile Include="..\..\src\core\crypto\aes_ecb.cpp">
      <Filter>Source Files\crypto</Filter>
    </ClCompile>
    <ClCompile Include="..\..\src\core\crypto\hmac_sha256.cpp">
      <Filter>Source Files\crypto</Filter>
    </ClCompile>
    <ClCompile Include="..\..\src\core\crypto\pbkdf2_cmac.cpp">
      <Filter>Source Files\crypto</Filter>
    </ClCompile>
    <ClCompile Include="..\..\src\core\crypto\sha256.cpp">
      <Filter>Source Files\crypto</Filter>
    </ClCompile>
    <ClCompile Include="..\..\src\core\utils\child_supervision.cpp">
      <Filter>Source Files\utils</Filter>
    </ClCompile>
    <ClCompile Include="..\..\src\core\utils\parse_cmdline.cpp">
      <Filter>Source Files\utils</Filter>
    </ClCompile>
    <ClCompile Include="..\..\src\core\utils\slaac_address.cpp">
      <Filter>Source Files\utils</Filter>
    </ClCompile>
    <ClCompile Include="..\..\src\core\utils\jam_detector.cpp">
      <Filter>Source Files\utils</Filter>
    </ClCompile>
    <ClCompile Include="..\..\src\core\thread\announce_begin_server.cpp">
      <Filter>Source Files\thread</Filter>
    </ClCompile>
    <ClCompile Include="..\..\src\core\thread\announce_sender.cpp">
      <Filter>Source Files\thread</Filter>
    </ClCompile>
    <ClCompile Include="..\..\src\core\meshcop\announce_begin_client.cpp">
      <Filter>Source Files\meshcop</Filter>
    </ClCompile>
    <ClCompile Include="..\..\src\core\common\crc16.cpp">
      <Filter>Source Files\common</Filter>
    </ClCompile>
    <ClCompile Include="..\..\src\core\utils\missing_strlcpy.c">
      <Filter>Source Files\missing</Filter>
    </ClCompile>
    <ClCompile Include="..\..\src\core\utils\missing_strlcat.c">
      <Filter>Source Files\missing</Filter>
    </ClCompile>
    <ClCompile Include="..\..\src\core\utils\missing_strnlen.c">
      <Filter>Source Files\missing</Filter>
    </ClCompile>
  </ItemGroup>
  <ItemGroup>
    <ClInclude Include="..\..\src\core\openthread-core-config.h">
      <Filter>Header Files</Filter>
    </ClInclude>
    <ClInclude Include="..\..\src\core\coap\coap.hpp">
      <Filter>Header Files\coap</Filter>
    </ClInclude>
    <ClInclude Include="..\..\src\core\coap\coap_message.hpp">
      <Filter>Header Files\coap</Filter>
    </ClInclude>
    <ClInclude Include="..\..\src\core\coap\coap_secure.hpp">
      <Filter>Header Files\coap</Filter>
    </ClInclude>
    <ClInclude Include="..\..\src\core\common\code_utils.hpp">
      <Filter>Header Files\common</Filter>
    </ClInclude>
    <ClInclude Include="..\..\src\core\common\context.hpp">
      <Filter>Header Files\common</Filter>
    </ClInclude>
    <ClInclude Include="..\..\src\core\common\debug.hpp">
      <Filter>Header Files\common</Filter>
    </ClInclude>
    <ClInclude Include="..\..\src\core\common\encoding.hpp">
      <Filter>Header Files\common</Filter>
    </ClInclude>
    <ClInclude Include="..\..\src\core\common\instance.hpp">
      <Filter>Header Files\common</Filter>
    </ClInclude>
    <ClInclude Include="..\..\src\core\common\locator.hpp">
      <Filter>Header Files\common</Filter>
    </ClInclude>
    <ClInclude Include="..\..\src\core\common\logging.hpp">
      <Filter>Header Files\common</Filter>
    </ClInclude>
    <ClInclude Include="..\..\src\core\common\message.hpp">
      <Filter>Header Files\common</Filter>
    </ClInclude>
    <ClInclude Include="..\..\src\core\common\notifier.hpp">
      <Filter>Header Files\common</Filter>
    </ClInclude>
    <ClInclude Include="..\..\src\core\common\new.hpp">
      <Filter>Header Files\common</Filter>
    </ClInclude>
    <ClInclude Include="..\..\src\core\common\string.hpp">
      <Filter>Header Files\common</Filter>
    </ClInclude>
    <ClInclude Include="..\..\src\core\common\tasklet.hpp">
      <Filter>Header Files\common</Filter>
    </ClInclude>
    <ClInclude Include="..\..\src\core\common\timer.hpp">
      <Filter>Header Files\common</Filter>
    </ClInclude>
    <ClInclude Include="..\..\src\core\common\tlvs.hpp">
      <Filter>Header Files\common</Filter>
    </ClInclude>
    <ClInclude Include="..\..\src\core\common\trickle_timer.hpp">
      <Filter>Header Files\common</Filter>
    </ClInclude>
    <ClInclude Include="..\..\src\core\crypto\aes_ccm.hpp">
      <Filter>Header Files\crypto</Filter>
    </ClInclude>
    <ClInclude Include="..\..\src\core\mac\channel_mask.hpp">
      <Filter>Header Files\mac</Filter>
    </ClInclude>
    <ClInclude Include="..\..\src\core\mac\mac.hpp">
      <Filter>Header Files\mac</Filter>
    </ClInclude>
    <ClInclude Include="..\..\src\core\mac\mac_filter.hpp">
      <Filter>Header Files\mac</Filter>
    </ClInclude>
    <ClInclude Include="..\..\src\core\mac\mac_frame.hpp">
      <Filter>Header Files\mac</Filter>
    </ClInclude>
    <ClInclude Include="..\..\src\core\mac\sub_mac.hpp">
      <Filter>Header Files\mac</Filter>
    </ClInclude>
    <ClInclude Include="..\..\src\core\net\dhcp6.hpp">
      <Filter>Header Files\net</Filter>
    </ClInclude>
    <ClInclude Include="..\..\src\core\net\dhcp6_client.hpp">
      <Filter>Header Files\net</Filter>
    </ClInclude>
    <ClInclude Include="..\..\src\core\net\dhcp6_server.hpp">
      <Filter>Header Files\net</Filter>
    </ClInclude>
    <ClInclude Include="..\..\src\core\net\icmp6.hpp">
      <Filter>Header Files\net</Filter>
    </ClInclude>
    <ClInclude Include="..\..\src\core\net\ip6.hpp">
      <Filter>Header Files\net</Filter>
    </ClInclude>
    <ClInclude Include="..\..\src\core\net\ip6_address.hpp">
      <Filter>Header Files\net</Filter>
    </ClInclude>
    <ClInclude Include="..\..\src\core\net\ip6_filter.hpp">
      <Filter>Header Files\net</Filter>
    </ClInclude>
    <ClInclude Include="..\..\src\core\net\ip6_mpl.hpp">
      <Filter>Header Files\net</Filter>
    </ClInclude>
    <ClInclude Include="..\..\src\core\net\ip6_routes.hpp">
      <Filter>Header Files\net</Filter>
    </ClInclude>
    <ClInclude Include="..\..\src\core\net\netif.hpp">
      <Filter>Header Files\net</Filter>
    </ClInclude>
    <ClInclude Include="..\..\src\core\net\socket.hpp">
      <Filter>Header Files\net</Filter>
    </ClInclude>
    <ClInclude Include="..\..\src\core\net\udp6.hpp">
      <Filter>Header Files\net</Filter>
    </ClInclude>
    <ClInclude Include="..\..\src\core\thread\address_resolver.hpp">
      <Filter>Header Files\thread</Filter>
    </ClInclude>
    <ClInclude Include="..\..\src\core\thread\child_table.hpp">
      <Filter>Header Files\thread</Filter>
    </ClInclude>
    <ClInclude Include="..\..\src\core\thread\data_poll_manager.hpp">
      <Filter>Header Files\thread</Filter>
    </ClInclude>
    <ClInclude Include="..\..\src\core\thread\energy_scan_server.hpp">
      <Filter>Header Files\thread</Filter>
    </ClInclude>
    <ClInclude Include="..\..\src\core\thread\key_manager.hpp">
      <Filter>Header Files\thread</Filter>
    </ClInclude>
    <ClInclude Include="..\..\src\core\thread\link_quality.hpp">
      <Filter>Header Files\thread</Filter>
    </ClInclude>
    <ClInclude Include="..\..\src\core\thread\lowpan.hpp">
      <Filter>Header Files\thread</Filter>
    </ClInclude>
    <ClInclude Include="..\..\src\core\thread\mesh_forwarder.hpp">
      <Filter>Header Files\thread</Filter>
    </ClInclude>
    <ClInclude Include="..\..\src\core\thread\mle.hpp">
      <Filter>Header Files\thread</Filter>
    </ClInclude>
    <ClInclude Include="..\..\src\core\thread\mle_constants.hpp">
      <Filter>Header Files\thread</Filter>
    </ClInclude>
    <ClInclude Include="..\..\src\core\thread\mle_router.hpp">
      <Filter>Header Files\thread</Filter>
    </ClInclude>
    <ClInclude Include="..\..\src\core\thread\mle_tlvs.hpp">
      <Filter>Header Files\thread</Filter>
    </ClInclude>
    <ClInclude Include="..\..\src\core\thread\network_data.hpp">
      <Filter>Header Files\thread</Filter>
    </ClInclude>
    <ClInclude Include="..\..\src\core\thread\network_data_leader.hpp">
      <Filter>Header Files\thread</Filter>
    </ClInclude>
    <ClInclude Include="..\..\src\core\thread\network_data_local.hpp">
      <Filter>Header Files\thread</Filter>
    </ClInclude>
    <ClInclude Include="..\..\src\core\thread\network_data_tlvs.hpp">
      <Filter>Header Files\thread</Filter>
    </ClInclude>
    <ClInclude Include="..\..\src\core\thread\network_diagnostic.hpp">
      <Filter>Header Files\thread</Filter>
    </ClInclude>
    <ClInclude Include="..\..\src\core\thread\network_diagnostic_tlvs.hpp">
      <Filter>Header Files\thread</Filter>
    </ClInclude>
    <ClInclude Include="..\..\src\core\thread\panid_query_server.hpp">
      <Filter>Header Files\thread</Filter>
    </ClInclude>
    <ClInclude Include="..\..\src\core\thread\router_table.hpp">
      <Filter>Header Files\thread</Filter>
    </ClInclude>
    <ClInclude Include="..\..\src\core\thread\src_match_controller.hpp">
      <Filter>Header Files\thread</Filter>
    </ClInclude>
    <ClInclude Include="..\..\src\core\thread\thread_netif.hpp">
      <Filter>Header Files\thread</Filter>
    </ClInclude>
    <ClInclude Include="..\..\src\core\thread\thread_tlvs.hpp">
      <Filter>Header Files\thread</Filter>
    </ClInclude>
    <ClInclude Include="..\..\src\core\thread\thread_uri_paths.hpp">
      <Filter>Header Files\thread</Filter>
    </ClInclude>
    <ClInclude Include="..\..\src\core\thread\topology.hpp">
      <Filter>Header Files\thread</Filter>
    </ClInclude>
    <ClInclude Include="..\..\src\core\meshcop\commissioner.hpp">
      <Filter>Header Files\meshcop</Filter>
    </ClInclude>
    <ClInclude Include="..\..\src\core\meshcop\dataset.hpp">
      <Filter>Header Files\thread</Filter>
    </ClInclude>
    <ClInclude Include="..\..\src\core\meshcop\dataset_local.hpp">
      <Filter>Header Files\thread</Filter>
    </ClInclude>
    <ClInclude Include="..\..\src\core\meshcop\dataset_manager.hpp">
      <Filter>Header Files\thread</Filter>
    </ClInclude>
    <ClInclude Include="..\..\src\core\meshcop\dtls.hpp">
      <Filter>Header Files\meshcop</Filter>
    </ClInclude>
    <ClInclude Include="..\..\src\core\meshcop\energy_scan_client.hpp">
      <Filter>Header Files\meshcop</Filter>
    </ClInclude>
    <ClInclude Include="..\..\src\core\meshcop\joiner.hpp">
      <Filter>Header Files\meshcop</Filter>
    </ClInclude>
    <ClInclude Include="..\..\src\core\meshcop\joiner_router.hpp">
      <Filter>Header Files\meshcop</Filter>
    </ClInclude>
    <ClInclude Include="..\..\src\core\meshcop\leader.hpp">
      <Filter>Header Files\meshcop</Filter>
    </ClInclude>
    <ClInclude Include="..\..\src\core\meshcop\panid_query_client.hpp">
      <Filter>Header Files\meshcop</Filter>
    </ClInclude>
    <ClInclude Include="..\..\src\core\meshcop\timestamp.hpp">
      <Filter>Header Files\thread</Filter>
    </ClInclude>
    <ClInclude Include="..\..\src\core\meshcop\tlvs.hpp">
      <Filter>Header Files\thread</Filter>
    </ClInclude>
    <ClInclude Include="..\..\src\core\crypto\aes_ecb.hpp">
      <Filter>Header Files\crypto</Filter>
    </ClInclude>
    <ClInclude Include="..\..\src\core\crypto\hmac_sha256.hpp">
      <Filter>Header Files\crypto</Filter>
    </ClInclude>
    <ClInclude Include="..\..\src\core\crypto\mbedtls.hpp">
      <Filter>Header Files\crypto</Filter>
    </ClInclude>
    <ClInclude Include="..\..\src\core\crypto\pbkdf2_cmac.h">
      <Filter>Header Files\crypto</Filter>
    </ClInclude>
    <ClInclude Include="..\..\src\core\crypto\sha256.hpp">
      <Filter>Header Files\crypto</Filter>
    </ClInclude>
    <ClInclude Include="..\..\src\core\utils\child_supervision.hpp">
      <Filter>Header Files\utils</Filter>
    </ClInclude>
    <ClInclude Include="..\..\src\core\utils\parse_cmdline.hpp">
      <Filter>Header Files\utils</Filter>
    </ClInclude>
    <ClInclude Include="..\..\src\core\utils\slaac_address.hpp">
      <Filter>Header Files\utils</Filter>
    </ClInclude>
    <ClInclude Include="..\..\src\core\utils\jam_detector.hpp">
      <Filter>Header Files\utils</Filter>
    </ClInclude>
    <ClInclude Include="..\..\src\core\meshcop\announce_begin_server.hpp">
      <Filter>Header Files\thread</Filter>
    </ClInclude>
    <ClInclude Include="..\..\src\core\meshcop\announce_sender.hpp">
      <Filter>Header Files\thread</Filter>
    </ClInclude>
    <ClInclude Include="..\..\src\core\meshcop\announce_begin_client.hpp">
      <Filter>Header Files\meshcop</Filter>
    </ClInclude>
    <ClInclude Include="..\..\src\core\common\crc16.hpp">
      <Filter>Header Files\common</Filter>
    </ClInclude>
    <ClInclude Include="..\..\include\openthread-windows-config.h">
      <Filter>Header Files</Filter>
    </ClInclude>
    <ClInclude Include="..\..\src\core\openthread-core-default-config.h">
      <Filter>Header Files</Filter>
    </ClInclude>
    <ClInclude Include="..\..\examples\drivers\windows\include\openthread-core-windows-config.h">
      <Filter>Header Files</Filter>
    </ClInclude>
    <ClInclude Include="..\..\include\openthread\coap.h">
      <Filter>Header Files\openthread</Filter>
    </ClInclude>
    <ClInclude Include="..\..\include\openthread\commissioner.h">
      <Filter>Header Files\openthread</Filter>
    </ClInclude>
    <ClInclude Include="..\..\include\openthread\crypto.h">
      <Filter>Header Files\openthread</Filter>
    </ClInclude>
    <ClInclude Include="..\..\include\openthread\border_router.h">
      <Filter>Header Files\openthread</Filter>
    </ClInclude>
    <ClInclude Include="..\..\include\openthread\dataset.h">
      <Filter>Header Files\openthread</Filter>
    </ClInclude>
    <ClInclude Include="..\..\include\openthread\dataset_ftd.h">
      <Filter>Header Files\openthread</Filter>
    </ClInclude>
    <ClInclude Include="..\..\include\openthread\error.h">
      <Filter>Header Files\openthread</Filter>
    </ClInclude>
    <ClInclude Include="..\..\include\openthread\icmp6.h">
      <Filter>Header Files\openthread</Filter>
    </ClInclude>
    <ClInclude Include="..\..\include\openthread\instance.h">
      <Filter>Header Files\openthread</Filter>
    </ClInclude>
    <ClInclude Include="..\..\include\openthread\ip6.h">
      <Filter>Header Files\openthread</Filter>
    </ClInclude>
    <ClInclude Include="..\..\include\openthread\jam_detection.h">
      <Filter>Header Files\openthread</Filter>
    </ClInclude>
    <ClInclude Include="..\..\include\openthread\joiner.h">
      <Filter>Header Files\openthread</Filter>
    </ClInclude>
    <ClInclude Include="..\..\include\openthread\link.h">
      <Filter>Header Files\openthread</Filter>
    </ClInclude>
    <ClInclude Include="..\..\include\openthread\message.h">
      <Filter>Header Files\openthread</Filter>
    </ClInclude>
    <ClInclude Include="..\..\include\openthread\netdata.h">
      <Filter>Header Files\openthread</Filter>
    </ClInclude>
    <ClInclude Include="..\..\include\openthread\tasklet.h">
      <Filter>Header Files\openthread</Filter>
    </ClInclude>
    <ClInclude Include="..\..\include\openthread\thread.h">
      <Filter>Header Files\openthread</Filter>
    </ClInclude>
    <ClInclude Include="..\..\include\openthread\thread_ftd.h">
      <Filter>Header Files\openthread</Filter>
    </ClInclude>
    <ClInclude Include="..\..\include\openthread\udp.h">
      <Filter>Header Files\openthread</Filter>
    </ClInclude>
    <ClInclude Include="..\..\src\core\mac\link_raw.hpp">
      <Filter>Header Files\api</Filter>
    </ClInclude>
    <ClInclude Include="..\..\src\core\utils\wrapper_string.h">
      <Filter>Header Files\missing</Filter>
    </ClInclude>
    <ClInclude Include="..\..\src\core\utils\wrapper_stdbool.h">
      <Filter>Header Files\missing</Filter>
    </ClInclude>
    <ClInclude Include="..\..\src\core\utils\wrapper_stdint.h">
      <Filter>Header Files\missing</Filter>
    </ClInclude>
  </ItemGroup>
</Project>
