
Microsoft Visual Studio Solution File, Format Version 12.00
# Visual Studio 14
VisualStudioVersion = 14.0.25420.1
MinimumVisualStudioVersion = 10.0.40219.1
Project("{2150E333-8FDC-42A3-9474-1A3956D46DE8}") = "config files", "config files", "{53F4EEF6-B96D-4887-B9CF-CD21E8BECD15}"
	ProjectSection(SolutionItems) = preProject
		..\..\.appveyor.yml = ..\..\.appveyor.yml
		..\..\.codecov.yml = ..\..\.codecov.yml
		..\..\.travis.yml = ..\..\.travis.yml
	EndProjectSection
EndProject
Project("{2150E333-8FDC-42A3-9474-1A3956D46DE8}") = "examples", "examples", "{76EA541E-CAB1-4DB5-A39F-E3DB2A78CDDD}"
EndProject
Project("{2150E333-8FDC-42A3-9474-1A3956D46DE8}") = "src", "src", "{95BD0669-04C8-4EEB-B3CC-0535B03F4468}"
EndProject
Project("{2150E333-8FDC-42A3-9474-1A3956D46DE8}") = "tests", "tests", "{35F6AB71-5BD2-4D53-8A51-D75CCD4CCC3D}"
EndProject
Project("{2150E333-8FDC-42A3-9474-1A3956D46DE8}") = "third_party", "third_party", "{873E9D16-2A08-41FC-B301-79C95B3A8F98}"
EndProject
Project("{8BC9CEB8-8B4A-11D0-8D11-00A0C91BC942}") = "libopenthread", "libopenthread.vcxproj", "{DD5018BE-54C6-4FD4-9F8D-08D52FC0CD40}"
EndProject
Project("{8BC9CEB8-8B4A-11D0-8D11-00A0C91BC942}") = "libopenthread_k", "libopenthread_k.vcxproj", "{9B33C190-5D07-40BF-9536-68843DC5D7AF}"
EndProject
Project("{8BC9CEB8-8B4A-11D0-8D11-00A0C91BC942}") = "mbedtls", "mbedtls.vcxproj", "{4111C8BB-D354-4348-AD3C-EB6832E84831}"
EndProject
Project("{8BC9CEB8-8B4A-11D0-8D11-00A0C91BC942}") = "mbedtls_k", "mbedtls_k.vcxproj", "{69BE8E8C-CF1E-46D6-932B-DB435F47059B}"
EndProject
Project("{8BC9CEB8-8B4A-11D0-8D11-00A0C91BC942}") = "UnitTests", "UnitTests.vcxproj", "{FD64BF17-8D36-4578-8D13-77B123BE30D3}"
EndProject
Project("{8BC9CEB8-8B4A-11D0-8D11-00A0C91BC942}") = "libopenthread-windows", "libopenthread-windows.vcxproj", "{30723C38-BA3B-44C9-8D64-C5861A26934F}"
EndProject
Project("{8BC9CEB8-8B4A-11D0-8D11-00A0C91BC942}") = "libopenthread-cli", "libopenthread-cli.vcxproj", "{41B32069-632E-4578-855B-A36EBFA80B56}"
EndProject
Project("{8BC9CEB8-8B4A-11D0-8D11-00A0C91BC942}") = "ot-cli", "ot-cli.vcxproj", "{91D3ADEA-F1FE-4433-95B6-F8F6A7CF7BAF}"
EndProject
Project("{8BC9CEB8-8B4A-11D0-8D11-00A0C91BC942}") = "libopenthread-ncp-spi", "libopenthread-ncp-spi.vcxproj", "{B92F449E-0FD9-44FC-ACFA-6521A3240CA2}"
EndProject
Project("{8BC9CEB8-8B4A-11D0-8D11-00A0C91BC942}") = "libopenthread-ncp-uart", "libopenthread-ncp-uart.vcxproj", "{D94867D2-6DAE-47E2-962A-5E8E658134D1}"
EndProject
Project("{8BC9CEB8-8B4A-11D0-8D11-00A0C91BC942}") = "ot-ncp-spi", "ot-ncp-spi.vcxproj", "{B4C744EC-B662-46C6-A076-FB58FA8FDF1B}"
EndProject
Project("{8BC9CEB8-8B4A-11D0-8D11-00A0C91BC942}") = "ot-ncp-uart", "ot-ncp-uart.vcxproj", "{9EEF9DCD-EA8F-4154-BD02-AB2B31CEC324}"
EndProject
Project("{2150E333-8FDC-42A3-9474-1A3956D46DE8}") = "drivers", "drivers", "{61E8A4A0-8138-49DB-97B4-3BEC87C8E133}"
EndProject
Project("{8BC9CEB8-8B4A-11D0-8D11-00A0C91BC942}") = "otLwf", "otLwf.vcxproj", "{3F1F7F6C-2A33-4635-9880-08FC5BC4E435}"
EndProject
Project("{8BC9CEB8-8B4A-11D0-8D11-00A0C91BC942}") = "otApi", "otApi.vcxproj", "{ED0EA262-C222-42C7-98D3-E70C72978ED2}"
EndProject
Project("{8BC9CEB8-8B4A-11D0-8D11-00A0C91BC942}") = "libopenthread-cli-windows", "libopenthread-cli-windows.vcxproj", "{28834498-3837-44A5-8F67-249ABAB7B97D}"
EndProject
Project("{8BC9CEB8-8B4A-11D0-8D11-00A0C91BC942}") = "otCli", "otCli.vcxproj", "{CAC8A00E-C6C8-4CF0-BA5A-C9A9A601C6DB}"
EndProject
Project("{8BC9CEB8-8B4A-11D0-8D11-00A0C91BC942}") = "otNodeApi", "otNodeApi.vcxproj", "{B7C6F344-7287-4930-AF38-223622BD8CBB}"
EndProject
Project("{FAE04EC0-301F-11D3-BF4B-00C04F79EFBC}") = "otTestRunner", "otTestRunner.csproj", "{D5577E51-FA31-4802-8669-1DB32805935E}"
EndProject
Project("{8BC9CEB8-8B4A-11D0-8D11-00A0C91BC942}") = "spinel_k", "spinel_k.vcxproj", "{A55766B5-58B6-4519-835E-5A4B7C164B5A}"
EndProject
Project("{8BC9CEB8-8B4A-11D0-8D11-00A0C91BC942}") = "ottmp", "ottmp.vcxproj", "{1EAFF7C8-8215-4EDA-83B2-EEB56CECE84D}"
EndProject
Global
	GlobalSection(SolutionConfigurationPlatforms) = preSolution
		Debug|ARM = Debug|ARM
		Debug|x64 = Debug|x64
		Debug|x86 = Debug|x86
		Release|ARM = Release|ARM
		Release|x64 = Release|x64
		Release|x86 = Release|x86
	EndGlobalSection
	GlobalSection(ProjectConfigurationPlatforms) = postSolution
		{DD5018BE-54C6-4FD4-9F8D-08D52FC0CD40}.Debug|ARM.ActiveCfg = Debug|ARM
		{DD5018BE-54C6-4FD4-9F8D-08D52FC0CD40}.Debug|ARM.Build.0 = Debug|ARM
		{DD5018BE-54C6-4FD4-9F8D-08D52FC0CD40}.Debug|x64.ActiveCfg = Debug|x64
		{DD5018BE-54C6-4FD4-9F8D-08D52FC0CD40}.Debug|x64.Build.0 = Debug|x64
		{DD5018BE-54C6-4FD4-9F8D-08D52FC0CD40}.Debug|x86.ActiveCfg = Debug|Win32
		{DD5018BE-54C6-4FD4-9F8D-08D52FC0CD40}.Debug|x86.Build.0 = Debug|Win32
		{DD5018BE-54C6-4FD4-9F8D-08D52FC0CD40}.Release|ARM.ActiveCfg = Release|ARM
		{DD5018BE-54C6-4FD4-9F8D-08D52FC0CD40}.Release|ARM.Build.0 = Release|ARM
		{DD5018BE-54C6-4FD4-9F8D-08D52FC0CD40}.Release|x64.ActiveCfg = Release|x64
		{DD5018BE-54C6-4FD4-9F8D-08D52FC0CD40}.Release|x64.Build.0 = Release|x64
		{DD5018BE-54C6-4FD4-9F8D-08D52FC0CD40}.Release|x86.ActiveCfg = Release|Win32
		{DD5018BE-54C6-4FD4-9F8D-08D52FC0CD40}.Release|x86.Build.0 = Release|Win32
		{9B33C190-5D07-40BF-9536-68843DC5D7AF}.Debug|ARM.ActiveCfg = Debug|ARM
		{9B33C190-5D07-40BF-9536-68843DC5D7AF}.Debug|ARM.Build.0 = Debug|ARM
		{9B33C190-5D07-40BF-9536-68843DC5D7AF}.Debug|ARM.Deploy.0 = Debug|ARM
		{9B33C190-5D07-40BF-9536-68843DC5D7AF}.Debug|x64.ActiveCfg = Debug|x64
		{9B33C190-5D07-40BF-9536-68843DC5D7AF}.Debug|x64.Build.0 = Debug|x64
		{9B33C190-5D07-40BF-9536-68843DC5D7AF}.Debug|x86.ActiveCfg = Debug|Win32
		{9B33C190-5D07-40BF-9536-68843DC5D7AF}.Debug|x86.Build.0 = Debug|Win32
		{9B33C190-5D07-40BF-9536-68843DC5D7AF}.Debug|x86.Deploy.0 = Debug|Win32
		{9B33C190-5D07-40BF-9536-68843DC5D7AF}.Release|ARM.ActiveCfg = Release|ARM
		{9B33C190-5D07-40BF-9536-68843DC5D7AF}.Release|ARM.Build.0 = Release|ARM
		{9B33C190-5D07-40BF-9536-68843DC5D7AF}.Release|ARM.Deploy.0 = Release|ARM
		{9B33C190-5D07-40BF-9536-68843DC5D7AF}.Release|x64.ActiveCfg = Release|x64
		{9B33C190-5D07-40BF-9536-68843DC5D7AF}.Release|x64.Build.0 = Release|x64
		{9B33C190-5D07-40BF-9536-68843DC5D7AF}.Release|x86.ActiveCfg = Release|Win32
		{9B33C190-5D07-40BF-9536-68843DC5D7AF}.Release|x86.Build.0 = Release|Win32
		{9B33C190-5D07-40BF-9536-68843DC5D7AF}.Release|x86.Deploy.0 = Release|Win32
		{4111C8BB-D354-4348-AD3C-EB6832E84831}.Debug|ARM.ActiveCfg = Debug|ARM
		{4111C8BB-D354-4348-AD3C-EB6832E84831}.Debug|ARM.Build.0 = Debug|ARM
		{4111C8BB-D354-4348-AD3C-EB6832E84831}.Debug|x64.ActiveCfg = Debug|x64
		{4111C8BB-D354-4348-AD3C-EB6832E84831}.Debug|x64.Build.0 = Debug|x64
		{4111C8BB-D354-4348-AD3C-EB6832E84831}.Debug|x86.ActiveCfg = Debug|Win32
		{4111C8BB-D354-4348-AD3C-EB6832E84831}.Debug|x86.Build.0 = Debug|Win32
		{4111C8BB-D354-4348-AD3C-EB6832E84831}.Release|ARM.ActiveCfg = Release|ARM
		{4111C8BB-D354-4348-AD3C-EB6832E84831}.Release|ARM.Build.0 = Release|ARM
		{4111C8BB-D354-4348-AD3C-EB6832E84831}.Release|x64.ActiveCfg = Release|x64
		{4111C8BB-D354-4348-AD3C-EB6832E84831}.Release|x64.Build.0 = Release|x64
		{4111C8BB-D354-4348-AD3C-EB6832E84831}.Release|x86.ActiveCfg = Release|Win32
		{4111C8BB-D354-4348-AD3C-EB6832E84831}.Release|x86.Build.0 = Release|Win32
		{69BE8E8C-CF1E-46D6-932B-DB435F47059B}.Debug|ARM.ActiveCfg = Debug|ARM
		{69BE8E8C-CF1E-46D6-932B-DB435F47059B}.Debug|ARM.Build.0 = Debug|ARM
		{69BE8E8C-CF1E-46D6-932B-DB435F47059B}.Debug|ARM.Deploy.0 = Debug|ARM
		{69BE8E8C-CF1E-46D6-932B-DB435F47059B}.Debug|x64.ActiveCfg = Debug|x64
		{69BE8E8C-CF1E-46D6-932B-DB435F47059B}.Debug|x64.Build.0 = Debug|x64
		{69BE8E8C-CF1E-46D6-932B-DB435F47059B}.Debug|x86.ActiveCfg = Debug|Win32
		{69BE8E8C-CF1E-46D6-932B-DB435F47059B}.Debug|x86.Build.0 = Debug|Win32
		{69BE8E8C-CF1E-46D6-932B-DB435F47059B}.Debug|x86.Deploy.0 = Debug|Win32
		{69BE8E8C-CF1E-46D6-932B-DB435F47059B}.Release|ARM.ActiveCfg = Release|ARM
		{69BE8E8C-CF1E-46D6-932B-DB435F47059B}.Release|ARM.Build.0 = Release|ARM
		{69BE8E8C-CF1E-46D6-932B-DB435F47059B}.Release|ARM.Deploy.0 = Release|ARM
		{69BE8E8C-CF1E-46D6-932B-DB435F47059B}.Release|x64.ActiveCfg = Release|x64
		{69BE8E8C-CF1E-46D6-932B-DB435F47059B}.Release|x64.Build.0 = Release|x64
		{69BE8E8C-CF1E-46D6-932B-DB435F47059B}.Release|x86.ActiveCfg = Release|Win32
		{69BE8E8C-CF1E-46D6-932B-DB435F47059B}.Release|x86.Build.0 = Release|Win32
		{69BE8E8C-CF1E-46D6-932B-DB435F47059B}.Release|x86.Deploy.0 = Release|Win32
		{FD64BF17-8D36-4578-8D13-77B123BE30D3}.Debug|ARM.ActiveCfg = Debug|ARM
		{FD64BF17-8D36-4578-8D13-77B123BE30D3}.Debug|ARM.Build.0 = Debug|ARM
		{FD64BF17-8D36-4578-8D13-77B123BE30D3}.Debug|x64.ActiveCfg = Debug|x64
		{FD64BF17-8D36-4578-8D13-77B123BE30D3}.Debug|x64.Build.0 = Debug|x64
		{FD64BF17-8D36-4578-8D13-77B123BE30D3}.Debug|x86.ActiveCfg = Debug|Win32
		{FD64BF17-8D36-4578-8D13-77B123BE30D3}.Debug|x86.Build.0 = Debug|Win32
		{FD64BF17-8D36-4578-8D13-77B123BE30D3}.Release|ARM.ActiveCfg = Release|ARM
		{FD64BF17-8D36-4578-8D13-77B123BE30D3}.Release|ARM.Build.0 = Release|ARM
		{FD64BF17-8D36-4578-8D13-77B123BE30D3}.Release|x64.ActiveCfg = Release|x64
		{FD64BF17-8D36-4578-8D13-77B123BE30D3}.Release|x64.Build.0 = Release|x64
		{FD64BF17-8D36-4578-8D13-77B123BE30D3}.Release|x86.ActiveCfg = Release|Win32
		{FD64BF17-8D36-4578-8D13-77B123BE30D3}.Release|x86.Build.0 = Release|Win32
		{30723C38-BA3B-44C9-8D64-C5861A26934F}.Debug|ARM.ActiveCfg = Debug|ARM
		{30723C38-BA3B-44C9-8D64-C5861A26934F}.Debug|ARM.Build.0 = Debug|ARM
		{30723C38-BA3B-44C9-8D64-C5861A26934F}.Debug|x64.ActiveCfg = Debug|x64
		{30723C38-BA3B-44C9-8D64-C5861A26934F}.Debug|x64.Build.0 = Debug|x64
		{30723C38-BA3B-44C9-8D64-C5861A26934F}.Debug|x86.ActiveCfg = Debug|Win32
		{30723C38-BA3B-44C9-8D64-C5861A26934F}.Debug|x86.Build.0 = Debug|Win32
		{30723C38-BA3B-44C9-8D64-C5861A26934F}.Release|ARM.ActiveCfg = Release|ARM
		{30723C38-BA3B-44C9-8D64-C5861A26934F}.Release|ARM.Build.0 = Release|ARM
		{30723C38-BA3B-44C9-8D64-C5861A26934F}.Release|x64.ActiveCfg = Release|x64
		{30723C38-BA3B-44C9-8D64-C5861A26934F}.Release|x64.Build.0 = Release|x64
		{30723C38-BA3B-44C9-8D64-C5861A26934F}.Release|x86.ActiveCfg = Release|Win32
		{30723C38-BA3B-44C9-8D64-C5861A26934F}.Release|x86.Build.0 = Release|Win32
		{41B32069-632E-4578-855B-A36EBFA80B56}.Debug|ARM.ActiveCfg = Debug|ARM
		{41B32069-632E-4578-855B-A36EBFA80B56}.Debug|ARM.Build.0 = Debug|ARM
		{41B32069-632E-4578-855B-A36EBFA80B56}.Debug|x64.ActiveCfg = Debug|x64
		{41B32069-632E-4578-855B-A36EBFA80B56}.Debug|x64.Build.0 = Debug|x64
		{41B32069-632E-4578-855B-A36EBFA80B56}.Debug|x86.ActiveCfg = Debug|Win32
		{41B32069-632E-4578-855B-A36EBFA80B56}.Debug|x86.Build.0 = Debug|Win32
		{41B32069-632E-4578-855B-A36EBFA80B56}.Release|ARM.ActiveCfg = Release|ARM
		{41B32069-632E-4578-855B-A36EBFA80B56}.Release|ARM.Build.0 = Release|ARM
		{41B32069-632E-4578-855B-A36EBFA80B56}.Release|x64.ActiveCfg = Release|x64
		{41B32069-632E-4578-855B-A36EBFA80B56}.Release|x64.Build.0 = Release|x64
		{41B32069-632E-4578-855B-A36EBFA80B56}.Release|x86.ActiveCfg = Release|Win32
		{41B32069-632E-4578-855B-A36EBFA80B56}.Release|x86.Build.0 = Release|Win32
		{91D3ADEA-F1FE-4433-95B6-F8F6A7CF7BAF}.Debug|ARM.ActiveCfg = Debug|ARM
		{91D3ADEA-F1FE-4433-95B6-F8F6A7CF7BAF}.Debug|ARM.Build.0 = Debug|ARM
		{91D3ADEA-F1FE-4433-95B6-F8F6A7CF7BAF}.Debug|x64.ActiveCfg = Debug|x64
		{91D3ADEA-F1FE-4433-95B6-F8F6A7CF7BAF}.Debug|x64.Build.0 = Debug|x64
		{91D3ADEA-F1FE-4433-95B6-F8F6A7CF7BAF}.Debug|x86.ActiveCfg = Debug|Win32
		{91D3ADEA-F1FE-4433-95B6-F8F6A7CF7BAF}.Debug|x86.Build.0 = Debug|Win32
		{91D3ADEA-F1FE-4433-95B6-F8F6A7CF7BAF}.Release|ARM.ActiveCfg = Release|ARM
		{91D3ADEA-F1FE-4433-95B6-F8F6A7CF7BAF}.Release|ARM.Build.0 = Release|ARM
		{91D3ADEA-F1FE-4433-95B6-F8F6A7CF7BAF}.Release|x64.ActiveCfg = Release|x64
		{91D3ADEA-F1FE-4433-95B6-F8F6A7CF7BAF}.Release|x64.Build.0 = Release|x64
		{91D3ADEA-F1FE-4433-95B6-F8F6A7CF7BAF}.Release|x86.ActiveCfg = Release|Win32
		{91D3ADEA-F1FE-4433-95B6-F8F6A7CF7BAF}.Release|x86.Build.0 = Release|Win32
		{B92F449E-0FD9-44FC-ACFA-6521A3240CA2}.Debug|ARM.ActiveCfg = Debug|ARM
		{B92F449E-0FD9-44FC-ACFA-6521A3240CA2}.Debug|ARM.Build.0 = Debug|ARM
		{B92F449E-0FD9-44FC-ACFA-6521A3240CA2}.Debug|x64.ActiveCfg = Debug|x64
		{B92F449E-0FD9-44FC-ACFA-6521A3240CA2}.Debug|x64.Build.0 = Debug|x64
		{B92F449E-0FD9-44FC-ACFA-6521A3240CA2}.Debug|x86.ActiveCfg = Debug|Win32
		{B92F449E-0FD9-44FC-ACFA-6521A3240CA2}.Debug|x86.Build.0 = Debug|Win32
		{B92F449E-0FD9-44FC-ACFA-6521A3240CA2}.Release|ARM.ActiveCfg = Release|ARM
		{B92F449E-0FD9-44FC-ACFA-6521A3240CA2}.Release|ARM.Build.0 = Release|ARM
		{B92F449E-0FD9-44FC-ACFA-6521A3240CA2}.Release|x64.ActiveCfg = Release|x64
		{B92F449E-0FD9-44FC-ACFA-6521A3240CA2}.Release|x64.Build.0 = Release|x64
		{B92F449E-0FD9-44FC-ACFA-6521A3240CA2}.Release|x86.ActiveCfg = Release|Win32
		{B92F449E-0FD9-44FC-ACFA-6521A3240CA2}.Release|x86.Build.0 = Release|Win32
		{D94867D2-6DAE-47E2-962A-5E8E658134D1}.Debug|ARM.ActiveCfg = Debug|ARM
		{D94867D2-6DAE-47E2-962A-5E8E658134D1}.Debug|ARM.Build.0 = Debug|ARM
		{D94867D2-6DAE-47E2-962A-5E8E658134D1}.Debug|x64.ActiveCfg = Debug|x64
		{D94867D2-6DAE-47E2-962A-5E8E658134D1}.Debug|x64.Build.0 = Debug|x64
		{D94867D2-6DAE-47E2-962A-5E8E658134D1}.Debug|x86.ActiveCfg = Debug|Win32
		{D94867D2-6DAE-47E2-962A-5E8E658134D1}.Debug|x86.Build.0 = Debug|Win32
		{D94867D2-6DAE-47E2-962A-5E8E658134D1}.Release|ARM.ActiveCfg = Release|ARM
		{D94867D2-6DAE-47E2-962A-5E8E658134D1}.Release|ARM.Build.0 = Release|ARM
		{D94867D2-6DAE-47E2-962A-5E8E658134D1}.Release|x64.ActiveCfg = Release|x64
		{D94867D2-6DAE-47E2-962A-5E8E658134D1}.Release|x64.Build.0 = Release|x64
		{D94867D2-6DAE-47E2-962A-5E8E658134D1}.Release|x86.ActiveCfg = Release|Win32
		{D94867D2-6DAE-47E2-962A-5E8E658134D1}.Release|x86.Build.0 = Release|Win32
		{B4C744EC-B662-46C6-A076-FB58FA8FDF1B}.Debug|ARM.ActiveCfg = Debug|ARM
		{B4C744EC-B662-46C6-A076-FB58FA8FDF1B}.Debug|ARM.Build.0 = Debug|ARM
		{B4C744EC-B662-46C6-A076-FB58FA8FDF1B}.Debug|x64.ActiveCfg = Debug|x64
		{B4C744EC-B662-46C6-A076-FB58FA8FDF1B}.Debug|x64.Build.0 = Debug|x64
		{B4C744EC-B662-46C6-A076-FB58FA8FDF1B}.Debug|x86.ActiveCfg = Debug|Win32
		{B4C744EC-B662-46C6-A076-FB58FA8FDF1B}.Debug|x86.Build.0 = Debug|Win32
		{B4C744EC-B662-46C6-A076-FB58FA8FDF1B}.Release|ARM.ActiveCfg = Release|ARM
		{B4C744EC-B662-46C6-A076-FB58FA8FDF1B}.Release|ARM.Build.0 = Release|ARM
		{B4C744EC-B662-46C6-A076-FB58FA8FDF1B}.Release|x64.ActiveCfg = Release|x64
		{B4C744EC-B662-46C6-A076-FB58FA8FDF1B}.Release|x64.Build.0 = Release|x64
		{B4C744EC-B662-46C6-A076-FB58FA8FDF1B}.Release|x86.ActiveCfg = Release|Win32
		{B4C744EC-B662-46C6-A076-FB58FA8FDF1B}.Release|x86.Build.0 = Release|Win32
		{9EEF9DCD-EA8F-4154-BD02-AB2B31CEC324}.Debug|ARM.ActiveCfg = Debug|ARM
		{9EEF9DCD-EA8F-4154-BD02-AB2B31CEC324}.Debug|ARM.Build.0 = Debug|ARM
		{9EEF9DCD-EA8F-4154-BD02-AB2B31CEC324}.Debug|x64.ActiveCfg = Debug|x64
		{9EEF9DCD-EA8F-4154-BD02-AB2B31CEC324}.Debug|x64.Build.0 = Debug|x64
		{9EEF9DCD-EA8F-4154-BD02-AB2B31CEC324}.Debug|x86.ActiveCfg = Debug|Win32
		{9EEF9DCD-EA8F-4154-BD02-AB2B31CEC324}.Debug|x86.Build.0 = Debug|Win32
		{9EEF9DCD-EA8F-4154-BD02-AB2B31CEC324}.Release|ARM.ActiveCfg = Release|ARM
		{9EEF9DCD-EA8F-4154-BD02-AB2B31CEC324}.Release|ARM.Build.0 = Release|ARM
		{9EEF9DCD-EA8F-4154-BD02-AB2B31CEC324}.Release|x64.ActiveCfg = Release|x64
		{9EEF9DCD-EA8F-4154-BD02-AB2B31CEC324}.Release|x64.Build.0 = Release|x64
		{9EEF9DCD-EA8F-4154-BD02-AB2B31CEC324}.Release|x86.ActiveCfg = Release|Win32
		{9EEF9DCD-EA8F-4154-BD02-AB2B31CEC324}.Release|x86.Build.0 = Release|Win32
		{3F1F7F6C-2A33-4635-9880-08FC5BC4E435}.Debug|ARM.ActiveCfg = Debug|ARM
		{3F1F7F6C-2A33-4635-9880-08FC5BC4E435}.Debug|ARM.Build.0 = Debug|ARM
		{3F1F7F6C-2A33-4635-9880-08FC5BC4E435}.Debug|ARM.Deploy.0 = Debug|ARM
		{3F1F7F6C-2A33-4635-9880-08FC5BC4E435}.Debug|x64.ActiveCfg = Debug|x64
		{3F1F7F6C-2A33-4635-9880-08FC5BC4E435}.Debug|x64.Build.0 = Debug|x64
		{3F1F7F6C-2A33-4635-9880-08FC5BC4E435}.Debug|x64.Deploy.0 = Debug|x64
		{3F1F7F6C-2A33-4635-9880-08FC5BC4E435}.Debug|x86.ActiveCfg = Debug|Win32
		{3F1F7F6C-2A33-4635-9880-08FC5BC4E435}.Debug|x86.Build.0 = Debug|Win32
		{3F1F7F6C-2A33-4635-9880-08FC5BC4E435}.Debug|x86.Deploy.0 = Debug|Win32
		{3F1F7F6C-2A33-4635-9880-08FC5BC4E435}.Release|ARM.ActiveCfg = Release|ARM
		{3F1F7F6C-2A33-4635-9880-08FC5BC4E435}.Release|ARM.Build.0 = Release|ARM
		{3F1F7F6C-2A33-4635-9880-08FC5BC4E435}.Release|ARM.Deploy.0 = Release|ARM
		{3F1F7F6C-2A33-4635-9880-08FC5BC4E435}.Release|x64.ActiveCfg = Release|x64
		{3F1F7F6C-2A33-4635-9880-08FC5BC4E435}.Release|x64.Build.0 = Release|x64
		{3F1F7F6C-2A33-4635-9880-08FC5BC4E435}.Release|x64.Deploy.0 = Release|x64
		{3F1F7F6C-2A33-4635-9880-08FC5BC4E435}.Release|x86.ActiveCfg = Release|Win32
		{3F1F7F6C-2A33-4635-9880-08FC5BC4E435}.Release|x86.Build.0 = Release|Win32
		{3F1F7F6C-2A33-4635-9880-08FC5BC4E435}.Release|x86.Deploy.0 = Release|Win32
		{ED0EA262-C222-42C7-98D3-E70C72978ED2}.Debug|ARM.ActiveCfg = Debug|ARM
		{ED0EA262-C222-42C7-98D3-E70C72978ED2}.Debug|ARM.Build.0 = Debug|ARM
		{ED0EA262-C222-42C7-98D3-E70C72978ED2}.Debug|x64.ActiveCfg = Debug|x64
		{ED0EA262-C222-42C7-98D3-E70C72978ED2}.Debug|x64.Build.0 = Debug|x64
		{ED0EA262-C222-42C7-98D3-E70C72978ED2}.Debug|x86.ActiveCfg = Debug|Win32
		{ED0EA262-C222-42C7-98D3-E70C72978ED2}.Debug|x86.Build.0 = Debug|Win32
		{ED0EA262-C222-42C7-98D3-E70C72978ED2}.Release|ARM.ActiveCfg = Release|ARM
		{ED0EA262-C222-42C7-98D3-E70C72978ED2}.Release|ARM.Build.0 = Release|ARM
		{ED0EA262-C222-42C7-98D3-E70C72978ED2}.Release|x64.ActiveCfg = Release|x64
		{ED0EA262-C222-42C7-98D3-E70C72978ED2}.Release|x64.Build.0 = Release|x64
		{ED0EA262-C222-42C7-98D3-E70C72978ED2}.Release|x86.ActiveCfg = Release|Win32
		{ED0EA262-C222-42C7-98D3-E70C72978ED2}.Release|x86.Build.0 = Release|Win32
		{28834498-3837-44A5-8F67-249ABAB7B97D}.Debug|ARM.ActiveCfg = Debug|ARM
		{28834498-3837-44A5-8F67-249ABAB7B97D}.Debug|ARM.Build.0 = Debug|ARM
		{28834498-3837-44A5-8F67-249ABAB7B97D}.Debug|x64.ActiveCfg = Debug|x64
		{28834498-3837-44A5-8F67-249ABAB7B97D}.Debug|x64.Build.0 = Debug|x64
		{28834498-3837-44A5-8F67-249ABAB7B97D}.Debug|x86.ActiveCfg = Debug|Win32
		{28834498-3837-44A5-8F67-249ABAB7B97D}.Debug|x86.Build.0 = Debug|Win32
		{28834498-3837-44A5-8F67-249ABAB7B97D}.Release|ARM.ActiveCfg = Release|ARM
		{28834498-3837-44A5-8F67-249ABAB7B97D}.Release|ARM.Build.0 = Release|ARM
		{28834498-3837-44A5-8F67-249ABAB7B97D}.Release|x64.ActiveCfg = Release|x64
		{28834498-3837-44A5-8F67-249ABAB7B97D}.Release|x64.Build.0 = Release|x64
		{28834498-3837-44A5-8F67-249ABAB7B97D}.Release|x86.ActiveCfg = Release|Win32
		{28834498-3837-44A5-8F67-249ABAB7B97D}.Release|x86.Build.0 = Release|Win32
		{CAC8A00E-C6C8-4CF0-BA5A-C9A9A601C6DB}.Debug|ARM.ActiveCfg = Debug|ARM
		{CAC8A00E-C6C8-4CF0-BA5A-C9A9A601C6DB}.Debug|ARM.Build.0 = Debug|ARM
		{CAC8A00E-C6C8-4CF0-BA5A-C9A9A601C6DB}.Debug|x64.ActiveCfg = Debug|x64
		{CAC8A00E-C6C8-4CF0-BA5A-C9A9A601C6DB}.Debug|x64.Build.0 = Debug|x64
		{CAC8A00E-C6C8-4CF0-BA5A-C9A9A601C6DB}.Debug|x86.ActiveCfg = Debug|Win32
		{CAC8A00E-C6C8-4CF0-BA5A-C9A9A601C6DB}.Debug|x86.Build.0 = Debug|Win32
		{CAC8A00E-C6C8-4CF0-BA5A-C9A9A601C6DB}.Release|ARM.ActiveCfg = Release|ARM
		{CAC8A00E-C6C8-4CF0-BA5A-C9A9A601C6DB}.Release|ARM.Build.0 = Release|ARM
		{CAC8A00E-C6C8-4CF0-BA5A-C9A9A601C6DB}.Release|x64.ActiveCfg = Release|x64
		{CAC8A00E-C6C8-4CF0-BA5A-C9A9A601C6DB}.Release|x64.Build.0 = Release|x64
		{CAC8A00E-C6C8-4CF0-BA5A-C9A9A601C6DB}.Release|x86.ActiveCfg = Release|Win32
		{CAC8A00E-C6C8-4CF0-BA5A-C9A9A601C6DB}.Release|x86.Build.0 = Release|Win32
		{B7C6F344-7287-4930-AF38-223622BD8CBB}.Debug|ARM.ActiveCfg = Debug|ARM
		{B7C6F344-7287-4930-AF38-223622BD8CBB}.Debug|ARM.Build.0 = Debug|ARM
		{B7C6F344-7287-4930-AF38-223622BD8CBB}.Debug|x64.ActiveCfg = Debug|x64
		{B7C6F344-7287-4930-AF38-223622BD8CBB}.Debug|x64.Build.0 = Debug|x64
		{B7C6F344-7287-4930-AF38-223622BD8CBB}.Debug|x86.ActiveCfg = Debug|Win32
		{B7C6F344-7287-4930-AF38-223622BD8CBB}.Debug|x86.Build.0 = Debug|Win32
		{B7C6F344-7287-4930-AF38-223622BD8CBB}.Release|ARM.ActiveCfg = Release|ARM
		{B7C6F344-7287-4930-AF38-223622BD8CBB}.Release|ARM.Build.0 = Release|ARM
		{B7C6F344-7287-4930-AF38-223622BD8CBB}.Release|x64.ActiveCfg = Release|x64
		{B7C6F344-7287-4930-AF38-223622BD8CBB}.Release|x64.Build.0 = Release|x64
		{B7C6F344-7287-4930-AF38-223622BD8CBB}.Release|x86.ActiveCfg = Release|Win32
		{B7C6F344-7287-4930-AF38-223622BD8CBB}.Release|x86.Build.0 = Release|Win32
		{D5577E51-FA31-4802-8669-1DB32805935E}.Debug|ARM.ActiveCfg = Debug|Any CPU
		{D5577E51-FA31-4802-8669-1DB32805935E}.Debug|ARM.Build.0 = Debug|Any CPU
		{D5577E51-FA31-4802-8669-1DB32805935E}.Debug|x64.ActiveCfg = Debug|x64
		{D5577E51-FA31-4802-8669-1DB32805935E}.Debug|x64.Build.0 = Debug|x64
		{D5577E51-FA31-4802-8669-1DB32805935E}.Debug|x86.ActiveCfg = Debug|Win32
		{D5577E51-FA31-4802-8669-1DB32805935E}.Debug|x86.Build.0 = Debug|Win32
		{D5577E51-FA31-4802-8669-1DB32805935E}.Release|ARM.ActiveCfg = Release|Any CPU
		{D5577E51-FA31-4802-8669-1DB32805935E}.Release|ARM.Build.0 = Release|Any CPU
		{D5577E51-FA31-4802-8669-1DB32805935E}.Release|x64.ActiveCfg = Release|x64
		{D5577E51-FA31-4802-8669-1DB32805935E}.Release|x64.Build.0 = Release|x64
		{D5577E51-FA31-4802-8669-1DB32805935E}.Release|x86.ActiveCfg = Release|Win32
		{D5577E51-FA31-4802-8669-1DB32805935E}.Release|x86.Build.0 = Release|Win32
		{F8C22844-9B93-4978-80DF-8AF2B37A7ABB}.Debug|ARM.ActiveCfg = Debug|ARM
		{F8C22844-9B93-4978-80DF-8AF2B37A7ABB}.Debug|ARM.Build.0 = Debug|ARM
		{F8C22844-9B93-4978-80DF-8AF2B37A7ABB}.Debug|ARM.Deploy.0 = Debug|ARM
		{F8C22844-9B93-4978-80DF-8AF2B37A7ABB}.Debug|x64.ActiveCfg = Debug|x64
		{F8C22844-9B93-4978-80DF-8AF2B37A7ABB}.Debug|x64.Build.0 = Debug|x64
		{F8C22844-9B93-4978-80DF-8AF2B37A7ABB}.Debug|x64.Deploy.0 = Debug|x64
		{F8C22844-9B93-4978-80DF-8AF2B37A7ABB}.Debug|x86.ActiveCfg = Debug|Win32
		{F8C22844-9B93-4978-80DF-8AF2B37A7ABB}.Debug|x86.Build.0 = Debug|Win32
		{F8C22844-9B93-4978-80DF-8AF2B37A7ABB}.Debug|x86.Deploy.0 = Debug|Win32
		{F8C22844-9B93-4978-80DF-8AF2B37A7ABB}.Release|ARM.ActiveCfg = Release|ARM
		{F8C22844-9B93-4978-80DF-8AF2B37A7ABB}.Release|ARM.Build.0 = Release|ARM
		{F8C22844-9B93-4978-80DF-8AF2B37A7ABB}.Release|ARM.Deploy.0 = Release|ARM
		{F8C22844-9B93-4978-80DF-8AF2B37A7ABB}.Release|x64.ActiveCfg = Release|x64
		{F8C22844-9B93-4978-80DF-8AF2B37A7ABB}.Release|x64.Build.0 = Release|x64
		{F8C22844-9B93-4978-80DF-8AF2B37A7ABB}.Release|x64.Deploy.0 = Release|x64
		{F8C22844-9B93-4978-80DF-8AF2B37A7ABB}.Release|x86.ActiveCfg = Release|Win32
		{F8C22844-9B93-4978-80DF-8AF2B37A7ABB}.Release|x86.Build.0 = Release|Win32
		{F8C22844-9B93-4978-80DF-8AF2B37A7ABB}.Release|x86.Deploy.0 = Release|Win32
		{A55766B5-58B6-4519-835E-5A4B7C164B5A}.Debug|ARM.ActiveCfg = Debug|ARM
		{A55766B5-58B6-4519-835E-5A4B7C164B5A}.Debug|ARM.Build.0 = Debug|ARM
		{A55766B5-58B6-4519-835E-5A4B7C164B5A}.Debug|ARM.Deploy.0 = Debug|ARM
		{A55766B5-58B6-4519-835E-5A4B7C164B5A}.Debug|x64.ActiveCfg = Debug|x64
		{A55766B5-58B6-4519-835E-5A4B7C164B5A}.Debug|x64.Build.0 = Debug|x64
		{A55766B5-58B6-4519-835E-5A4B7C164B5A}.Debug|x64.Deploy.0 = Debug|x64
		{A55766B5-58B6-4519-835E-5A4B7C164B5A}.Debug|x86.ActiveCfg = Debug|Win32
		{A55766B5-58B6-4519-835E-5A4B7C164B5A}.Debug|x86.Build.0 = Debug|Win32
		{A55766B5-58B6-4519-835E-5A4B7C164B5A}.Debug|x86.Deploy.0 = Debug|Win32
		{A55766B5-58B6-4519-835E-5A4B7C164B5A}.Release|ARM.ActiveCfg = Release|ARM
		{A55766B5-58B6-4519-835E-5A4B7C164B5A}.Release|ARM.Build.0 = Release|ARM
		{A55766B5-58B6-4519-835E-5A4B7C164B5A}.Release|ARM.Deploy.0 = Release|ARM
		{A55766B5-58B6-4519-835E-5A4B7C164B5A}.Release|x64.ActiveCfg = Release|x64
		{A55766B5-58B6-4519-835E-5A4B7C164B5A}.Release|x64.Build.0 = Release|x64
		{A55766B5-58B6-4519-835E-5A4B7C164B5A}.Release|x64.Deploy.0 = Release|x64
		{A55766B5-58B6-4519-835E-5A4B7C164B5A}.Release|x86.ActiveCfg = Release|Win32
		{A55766B5-58B6-4519-835E-5A4B7C164B5A}.Release|x86.Build.0 = Release|Win32
		{A55766B5-58B6-4519-835E-5A4B7C164B5A}.Release|x86.Deploy.0 = Release|Win32
		{1EAFF7C8-8215-4EDA-83B2-EEB56CECE84D}.Debug|ARM.ActiveCfg = Debug|ARM
		{1EAFF7C8-8215-4EDA-83B2-EEB56CECE84D}.Debug|ARM.Build.0 = Debug|ARM
		{1EAFF7C8-8215-4EDA-83B2-EEB56CECE84D}.Debug|ARM.Deploy.0 = Debug|ARM
		{1EAFF7C8-8215-4EDA-83B2-EEB56CECE84D}.Debug|x64.ActiveCfg = Debug|x64
		{1EAFF7C8-8215-4EDA-83B2-EEB56CECE84D}.Debug|x64.Build.0 = Debug|x64
		{1EAFF7C8-8215-4EDA-83B2-EEB56CECE84D}.Debug|x64.Deploy.0 = Debug|x64
		{1EAFF7C8-8215-4EDA-83B2-EEB56CECE84D}.Debug|x86.ActiveCfg = Debug|Win32
		{1EAFF7C8-8215-4EDA-83B2-EEB56CECE84D}.Debug|x86.Build.0 = Debug|Win32
		{1EAFF7C8-8215-4EDA-83B2-EEB56CECE84D}.Debug|x86.Deploy.0 = Debug|Win32
		{1EAFF7C8-8215-4EDA-83B2-EEB56CECE84D}.Release|ARM.ActiveCfg = Release|ARM
		{1EAFF7C8-8215-4EDA-83B2-EEB56CECE84D}.Release|ARM.Build.0 = Release|ARM
		{1EAFF7C8-8215-4EDA-83B2-EEB56CECE84D}.Release|ARM.Deploy.0 = Release|ARM
		{1EAFF7C8-8215-4EDA-83B2-EEB56CECE84D}.Release|x64.ActiveCfg = Release|x64
		{1EAFF7C8-8215-4EDA-83B2-EEB56CECE84D}.Release|x64.Build.0 = Release|x64
		{1EAFF7C8-8215-4EDA-83B2-EEB56CECE84D}.Release|x64.Deploy.0 = Release|x64
		{1EAFF7C8-8215-4EDA-83B2-EEB56CECE84D}.Release|x86.ActiveCfg = Release|Win32
		{1EAFF7C8-8215-4EDA-83B2-EEB56CECE84D}.Release|x86.Build.0 = Release|Win32
		{1EAFF7C8-8215-4EDA-83B2-EEB56CECE84D}.Release|x86.Deploy.0 = Release|Win32
	EndGlobalSection
	GlobalSection(SolutionProperties) = preSolution
		HideSolutionNode = FALSE
	EndGlobalSection
	GlobalSection(NestedProjects) = preSolution
		{DD5018BE-54C6-4FD4-9F8D-08D52FC0CD40} = {95BD0669-04C8-4EEB-B3CC-0535B03F4468}
		{9B33C190-5D07-40BF-9536-68843DC5D7AF} = {95BD0669-04C8-4EEB-B3CC-0535B03F4468}
		{4111C8BB-D354-4348-AD3C-EB6832E84831} = {873E9D16-2A08-41FC-B301-79C95B3A8F98}
		{69BE8E8C-CF1E-46D6-932B-DB435F47059B} = {873E9D16-2A08-41FC-B301-79C95B3A8F98}
		{FD64BF17-8D36-4578-8D13-77B123BE30D3} = {35F6AB71-5BD2-4D53-8A51-D75CCD4CCC3D}
		{30723C38-BA3B-44C9-8D64-C5861A26934F} = {76EA541E-CAB1-4DB5-A39F-E3DB2A78CDDD}
		{41B32069-632E-4578-855B-A36EBFA80B56} = {95BD0669-04C8-4EEB-B3CC-0535B03F4468}
		{91D3ADEA-F1FE-4433-95B6-F8F6A7CF7BAF} = {76EA541E-CAB1-4DB5-A39F-E3DB2A78CDDD}
		{B92F449E-0FD9-44FC-ACFA-6521A3240CA2} = {95BD0669-04C8-4EEB-B3CC-0535B03F4468}
		{D94867D2-6DAE-47E2-962A-5E8E658134D1} = {95BD0669-04C8-4EEB-B3CC-0535B03F4468}
		{B4C744EC-B662-46C6-A076-FB58FA8FDF1B} = {76EA541E-CAB1-4DB5-A39F-E3DB2A78CDDD}
		{9EEF9DCD-EA8F-4154-BD02-AB2B31CEC324} = {76EA541E-CAB1-4DB5-A39F-E3DB2A78CDDD}
		{3F1F7F6C-2A33-4635-9880-08FC5BC4E435} = {61E8A4A0-8138-49DB-97B4-3BEC87C8E133}
		{ED0EA262-C222-42C7-98D3-E70C72978ED2} = {61E8A4A0-8138-49DB-97B4-3BEC87C8E133}
		{28834498-3837-44A5-8F67-249ABAB7B97D} = {95BD0669-04C8-4EEB-B3CC-0535B03F4468}
		{CAC8A00E-C6C8-4CF0-BA5A-C9A9A601C6DB} = {61E8A4A0-8138-49DB-97B4-3BEC87C8E133}
		{B7C6F344-7287-4930-AF38-223622BD8CBB} = {61E8A4A0-8138-49DB-97B4-3BEC87C8E133}
		{D5577E51-FA31-4802-8669-1DB32805935E} = {35F6AB71-5BD2-4D53-8A51-D75CCD4CCC3D}
		{A55766B5-58B6-4519-835E-5A4B7C164B5A} = {95BD0669-04C8-4EEB-B3CC-0535B03F4468}
		{1EAFF7C8-8215-4EDA-83B2-EEB56CECE84D} = {61E8A4A0-8138-49DB-97B4-3BEC87C8E133}
	EndGlobalSection
EndGlobal
