<?xml version="1.0" encoding="utf-8"?>
<Project ToolsVersion="14.0" xmlns="http://schemas.microsoft.com/developer/msbuild/2003">
  <ItemGroup>
    <Filter Include="Common">
      <UniqueIdentifier>f8c22844-9b93-4978-80df-8af2b37a7abb</UniqueIdentifier>
    </Filter>
    <Filter Include="Assets">
      <UniqueIdentifier>cf539bf1-44af-4a06-be13-5941f6ac2623</UniqueIdentifier>
      <Extensions>bmp;fbx;gif;jpg;jpeg;tga;tiff;tif;png</Extensions>
    </Filter>
  </ItemGroup>
  <ItemGroup>
    <ApplicationDefinition Include="..\..\examples\apps\windows\App.xaml" />
  </ItemGroup>
  <ItemGroup>
    <ClCompile Include="..\..\examples\apps\windows\App.xaml.cpp" />
    <ClCompile Include="..\..\examples\apps\windows\MainPage.xaml.cpp" />
    <ClCompile Include="..\..\examples\apps\windows\pch.cpp" />
  </ItemGroup>
  <ItemGroup>
    <ClInclude Include="..\..\examples\apps\windows\pch.h" />
    <ClInclude Include="..\..\examples\apps\windows\App.xaml.h" />
    <ClInclude Include="..\..\examples\apps\windows\MainPage.xaml.h" />
  </ItemGroup>
  <ItemGroup>
    <Image Include="Assets\LockScreenLogo.scale-200.png">
      <Filter>Assets</Filter>
    </Image>
    <Image Include="Assets\SplashScreen.scale-200.png">
      <Filter>Assets</Filter>
    </Image>
    <Image Include="Assets\Square150x150Logo.scale-200.png">
      <Filter>Assets</Filter>
    </Image>
    <Image Include="Assets\Square44x44Logo.scale-200.png">
      <Filter>Assets</Filter>
    </Image>
    <Image Include="Assets\Square44x44Logo.targetsize-24_altform-unplated.png">
      <Filter>Assets</Filter>
    </Image>
    <Image Include="Assets\StoreLogo.png">
      <Filter>Assets</Filter>
    </Image>
    <Image Include="Assets\Wide310x150Logo.scale-200.png">
      <Filter>Assets</Filter>
    </Image>
  </ItemGroup>
  <ItemGroup>
    <AppxManifest Include="..\..\examples\apps\windows\Package.appxmanifest" />
  </ItemGroup>
  <ItemGroup>
    <None Include="..\..\examples\apps\windows\OpenThread_TemporaryKey.pfx" />
  </ItemGroup>
  <ItemGroup>
    <Page Include="..\..\examples\apps\windows\MainPage.xaml" />
  </ItemGroup>
</Project>